// !$*UTF8*$!
{
	archiveVersion = 1;
	classes = {
	};
	objectVersion = 46;
	objects = {

/* Begin PBXBuildFile section */
		3072299A183CB6C500AF73E5 /* Foundation.framework in Frameworks */ = {isa = PBXBuildFile; fileRef = 30722999183CB6C500AF73E5 /* Foundation.framework */; };
		3072299C183CB6C500AF73E5 /* CoreGraphics.framework in Frameworks */ = {isa = PBXBuildFile; fileRef = 3072299B183CB6C500AF73E5 /* CoreGraphics.framework */; };
		3072299E183CB6C500AF73E5 /* UIKit.framework in Frameworks */ = {isa = PBXBuildFile; fileRef = 3072299D183CB6C500AF73E5 /* UIKit.framework */; };
		307229A4183CB6C500AF73E5 /* InfoPlist.strings in Resources */ = {isa = PBXBuildFile; fileRef = 307229A2183CB6C500AF73E5 /* InfoPlist.strings */; };
		307229A6183CB6C500AF73E5 /* main.m in Sources */ = {isa = PBXBuildFile; fileRef = 307229A5183CB6C500AF73E5 /* main.m */; };
		307229AA183CB6C500AF73E5 /* DemoAppDelegate.m in Sources */ = {isa = PBXBuildFile; fileRef = 307229A9183CB6C500AF73E5 /* DemoAppDelegate.m */; };
		307229AD183CB6C500AF73E5 /* Main.storyboard in Resources */ = {isa = PBXBuildFile; fileRef = 307229AB183CB6C500AF73E5 /* Main.storyboard */; };
		307229B2183CB6C500AF73E5 /* Images.xcassets in Resources */ = {isa = PBXBuildFile; fileRef = 307229B1183CB6C500AF73E5 /* Images.xcassets */; };
		307229B9183CB6C500AF73E5 /* XCTest.framework in Frameworks */ = {isa = PBXBuildFile; fileRef = 307229B8183CB6C500AF73E5 /* XCTest.framework */; };
		307229BA183CB6C500AF73E5 /* Foundation.framework in Frameworks */ = {isa = PBXBuildFile; fileRef = 30722999183CB6C500AF73E5 /* Foundation.framework */; };
		307229BB183CB6C500AF73E5 /* UIKit.framework in Frameworks */ = {isa = PBXBuildFile; fileRef = 3072299D183CB6C500AF73E5 /* UIKit.framework */; };
		307229C3183CB6C500AF73E5 /* InfoPlist.strings in Resources */ = {isa = PBXBuildFile; fileRef = 307229C1183CB6C500AF73E5 /* InfoPlist.strings */; };
		307229C5183CB6C500AF73E5 /* demoTests.m in Sources */ = {isa = PBXBuildFile; fileRef = 307229C4183CB6C500AF73E5 /* demoTests.m */; };
		30E91B64183DE89800521FCB /* AtomicElement.m in Sources */ = {isa = PBXBuildFile; fileRef = 30E91B56183DE89800521FCB /* AtomicElement.m */; };
		30E91B65183DE89800521FCB /* AtomicElementFlippedView.m in Sources */ = {isa = PBXBuildFile; fileRef = 30E91B58183DE89800521FCB /* AtomicElementFlippedView.m */; };
		30E91B66183DE89800521FCB /* AtomicElementTableViewCell.m in Sources */ = {isa = PBXBuildFile; fileRef = 30E91B5A183DE89800521FCB /* AtomicElementTableViewCell.m */; };
		30E91B67183DE89800521FCB /* AtomicElementTileView.m in Sources */ = {isa = PBXBuildFile; fileRef = 30E91B5C183DE89800521FCB /* AtomicElementTileView.m */; };
		30E91B68183DE89800521FCB /* AtomicElementView.m in Sources */ = {isa = PBXBuildFile; fileRef = 30E91B5E183DE89800521FCB /* AtomicElementView.m */; };
		30E91B69183DE89800521FCB /* AtomicElementViewController.m in Sources */ = {isa = PBXBuildFile; fileRef = 30E91B60183DE89800521FCB /* AtomicElementViewController.m */; };
		30E91B6A183DE89800521FCB /* ElementsSortedByAtomicNumberDataSource.m in Sources */ = {isa = PBXBuildFile; fileRef = 30E91B63183DE89800521FCB /* ElementsSortedByAtomicNumberDataSource.m */; };
		30E91B75183DE8AE00521FCB /* ElementsSortedByNameDataSource.m in Sources */ = {isa = PBXBuildFile; fileRef = 30E91B6C183DE8AE00521FCB /* ElementsSortedByNameDataSource.m */; };
		30E91B76183DE8AE00521FCB /* ElementsSortedByStateDataSource.m in Sources */ = {isa = PBXBuildFile; fileRef = 30E91B6E183DE8AE00521FCB /* ElementsSortedByStateDataSource.m */; };
		30E91B77183DE8AE00521FCB /* ElementsSortedBySymbolDataSource.m in Sources */ = {isa = PBXBuildFile; fileRef = 30E91B70183DE8AE00521FCB /* ElementsSortedBySymbolDataSource.m */; };
		30E91B78183DE8AE00521FCB /* ElementsTableViewController.m in Sources */ = {isa = PBXBuildFile; fileRef = 30E91B72183DE8AE00521FCB /* ElementsTableViewController.m */; };
		30E91B79183DE8AE00521FCB /* PeriodicElements.m in Sources */ = {isa = PBXBuildFile; fileRef = 30E91B74183DE8AE00521FCB /* PeriodicElements.m */; };
		30E91BA9183DF8BF00521FCB /* Elements.plist in Resources */ = {isa = PBXBuildFile; fileRef = 30E91BA8183DF8BF00521FCB /* Elements.plist */; };
		30E91BC0183E0DAE00521FCB /* Artificial_24.png in Resources */ = {isa = PBXBuildFile; fileRef = 30E91BAA183E0DAE00521FCB /* Artificial_24.png */; };
		30E91BC1183E0DAE00521FCB /* Artificial_30.png in Resources */ = {isa = PBXBuildFile; fileRef = 30E91BAB183E0DAE00521FCB /* Artificial_30.png */; };
		30E91BC2183E0DAE00521FCB /* Artificial_37.png in Resources */ = {isa = PBXBuildFile; fileRef = 30E91BAC183E0DAE00521FCB /* Artificial_37.png */; };
		30E91BC3183E0DAE00521FCB /* Artificial_256.png in Resources */ = {isa = PBXBuildFile; fileRef = 30E91BAD183E0DAE00521FCB /* Artificial_256.png */; };
		30E91BC4183E0DAE00521FCB /* flipper_list_blue.png in Resources */ = {isa = PBXBuildFile; fileRef = 30E91BAE183E0DAE00521FCB /* flipper_list_blue.png */; };
		30E91BC5183E0DAE00521FCB /* Gas_24.png in Resources */ = {isa = PBXBuildFile; fileRef = 30E91BAF183E0DAE00521FCB /* Gas_24.png */; };
		30E91BC6183E0DAE00521FCB /* Gas_30.png in Resources */ = {isa = PBXBuildFile; fileRef = 30E91BB0183E0DAE00521FCB /* Gas_30.png */; };
		30E91BC7183E0DAE00521FCB /* Gas_37.png in Resources */ = {isa = PBXBuildFile; fileRef = 30E91BB1183E0DAE00521FCB /* Gas_37.png */; };
		30E91BC8183E0DAE00521FCB /* Gas_256.png in Resources */ = {isa = PBXBuildFile; fileRef = 30E91BB2183E0DAE00521FCB /* Gas_256.png */; };
		30E91BC9183E0DAE00521FCB /* Liquid_24.png in Resources */ = {isa = PBXBuildFile; fileRef = 30E91BB3183E0DAE00521FCB /* Liquid_24.png */; };
		30E91BCA183E0DAE00521FCB /* Liquid_30.png in Resources */ = {isa = PBXBuildFile; fileRef = 30E91BB4183E0DAE00521FCB /* Liquid_30.png */; };
		30E91BCB183E0DAE00521FCB /* Liquid_37.png in Resources */ = {isa = PBXBuildFile; fileRef = 30E91BB5183E0DAE00521FCB /* Liquid_37.png */; };
		30E91BCC183E0DAE00521FCB /* Liquid_256.png in Resources */ = {isa = PBXBuildFile; fileRef = 30E91BB6183E0DAE00521FCB /* Liquid_256.png */; };
		30E91BCD183E0DAE00521FCB /* name_gray.png in Resources */ = {isa = PBXBuildFile; fileRef = 30E91BB7183E0DAE00521FCB /* name_gray.png */; };
		30E91BCE183E0DAE00521FCB /* number_gray.png in Resources */ = {isa = PBXBuildFile; fileRef = 30E91BB8183E0DAE00521FCB /* number_gray.png */; };
		30E91BCF183E0DAE00521FCB /* Solid_24.png in Resources */ = {isa = PBXBuildFile; fileRef = 30E91BB9183E0DAE00521FCB /* Solid_24.png */; };
		30E91BD0183E0DAE00521FCB /* Solid_30.png in Resources */ = {isa = PBXBuildFile; fileRef = 30E91BBA183E0DAE00521FCB /* Solid_30.png */; };
		30E91BD1183E0DAE00521FCB /* Solid_37.png in Resources */ = {isa = PBXBuildFile; fileRef = 30E91BBB183E0DAE00521FCB /* Solid_37.png */; };
		30E91BD2183E0DAE00521FCB /* Solid_256.png in Resources */ = {isa = PBXBuildFile; fileRef = 30E91BBC183E0DAE00521FCB /* Solid_256.png */; };
		30E91BD3183E0DAE00521FCB /* state_gray.png in Resources */ = {isa = PBXBuildFile; fileRef = 30E91BBD183E0DAE00521FCB /* state_gray.png */; };
		30E91BD4183E0DAE00521FCB /* symbol_gray.png in Resources */ = {isa = PBXBuildFile; fileRef = 30E91BBE183E0DAE00521FCB /* symbol_gray.png */; };
		30E91BD5183E0DAE00521FCB /* table_gray.png in Resources */ = {isa = PBXBuildFile; fileRef = 30E91BBF183E0DAE00521FCB /* table_gray.png */; };
/* End PBXBuildFile section */

/* Begin PBXContainerItemProxy section */
		307229BC183CB6C500AF73E5 /* PBXContainerItemProxy */ = {
			isa = PBXContainerItemProxy;
			containerPortal = 3072298E183CB6C500AF73E5 /* Project object */;
			proxyType = 1;
			remoteGlobalIDString = 30722995183CB6C500AF73E5;
			remoteInfo = demo;
		};
/* End PBXContainerItemProxy section */

/* Begin PBXFileReference section */
		30722996183CB6C500AF73E5 /* demo.app */ = {isa = PBXFileReference; explicitFileType = wrapper.application; includeInIndex = 0; path = demo.app; sourceTree = BUILT_PRODUCTS_DIR; };
		30722999183CB6C500AF73E5 /* Foundation.framework */ = {isa = PBXFileReference; lastKnownFileType = wrapper.framework; name = Foundation.framework; path = System/Library/Frameworks/Foundation.framework; sourceTree = SDKROOT; };
		3072299B183CB6C500AF73E5 /* CoreGraphics.framework */ = {isa = PBXFileReference; lastKnownFileType = wrapper.framework; name = CoreGraphics.framework; path = System/Library/Frameworks/CoreGraphics.framework; sourceTree = SDKROOT; };
		3072299D183CB6C500AF73E5 /* UIKit.framework */ = {isa = PBXFileReference; lastKnownFileType = wrapper.framework; name = UIKit.framework; path = System/Library/Frameworks/UIKit.framework; sourceTree = SDKROOT; };
		307229A1183CB6C500AF73E5 /* demo-Info.plist */ = {isa = PBXFileReference; lastKnownFileType = text.plist.xml; path = "demo-Info.plist"; sourceTree = "<group>"; };
		307229A3183CB6C500AF73E5 /* en */ = {isa = PBXFileReference; lastKnownFileType = text.plist.strings; name = en; path = en.lproj/InfoPlist.strings; sourceTree = "<group>"; };
		307229A5183CB6C500AF73E5 /* main.m */ = {isa = PBXFileReference; lastKnownFileType = sourcecode.c.objc; path = main.m; sourceTree = "<group>"; };
		307229A7183CB6C500AF73E5 /* demo-Prefix.pch */ = {isa = PBXFileReference; lastKnownFileType = sourcecode.c.h; path = "demo-Prefix.pch"; sourceTree = "<group>"; };
		307229A8183CB6C500AF73E5 /* DemoAppDelegate.h */ = {isa = PBXFileReference; lastKnownFileType = sourcecode.c.h; path = DemoAppDelegate.h; sourceTree = "<group>"; };
		307229A9183CB6C500AF73E5 /* DemoAppDelegate.m */ = {isa = PBXFileReference; lastKnownFileType = sourcecode.c.objc; path = DemoAppDelegate.m; sourceTree = "<group>"; };
		307229AC183CB6C500AF73E5 /* Base */ = {isa = PBXFileReference; lastKnownFileType = file.storyboard; name = Base; path = Base.lproj/Main.storyboard; sourceTree = "<group>"; };
		307229B1183CB6C500AF73E5 /* Images.xcassets */ = {isa = PBXFileReference; lastKnownFileType = folder.assetcatalog; path = Images.xcassets; sourceTree = "<group>"; };
		307229B7183CB6C500AF73E5 /* demoTests.xctest */ = {isa = PBXFileReference; explicitFileType = wrapper.cfbundle; includeInIndex = 0; path = demoTests.xctest; sourceTree = BUILT_PRODUCTS_DIR; };
		307229B8183CB6C500AF73E5 /* XCTest.framework */ = {isa = PBXFileReference; lastKnownFileType = wrapper.framework; name = XCTest.framework; path = Library/Frameworks/XCTest.framework; sourceTree = DEVELOPER_DIR; };
		307229C0183CB6C500AF73E5 /* demoTests-Info.plist */ = {isa = PBXFileReference; lastKnownFileType = text.plist.xml; path = "demoTests-Info.plist"; sourceTree = "<group>"; };
		307229C2183CB6C500AF73E5 /* en */ = {isa = PBXFileReference; lastKnownFileType = text.plist.strings; name = en; path = en.lproj/InfoPlist.strings; sourceTree = "<group>"; };
		307229C4183CB6C500AF73E5 /* demoTests.m */ = {isa = PBXFileReference; lastKnownFileType = sourcecode.c.objc; path = demoTests.m; sourceTree = "<group>"; };
		30E91B55183DE89800521FCB /* AtomicElement.h */ = {isa = PBXFileReference; fileEncoding = 4; lastKnownFileType = sourcecode.c.h; path = AtomicElement.h; sourceTree = "<group>"; };
		30E91B56183DE89800521FCB /* AtomicElement.m */ = {isa = PBXFileReference; fileEncoding = 4; lastKnownFileType = sourcecode.c.objc; path = AtomicElement.m; sourceTree = "<group>"; };
		30E91B57183DE89800521FCB /* AtomicElementFlippedView.h */ = {isa = PBXFileReference; fileEncoding = 4; lastKnownFileType = sourcecode.c.h; path = AtomicElementFlippedView.h; sourceTree = "<group>"; };
		30E91B58183DE89800521FCB /* AtomicElementFlippedView.m */ = {isa = PBXFileReference; fileEncoding = 4; lastKnownFileType = sourcecode.c.objc; path = AtomicElementFlippedView.m; sourceTree = "<group>"; };
		30E91B59183DE89800521FCB /* AtomicElementTableViewCell.h */ = {isa = PBXFileReference; fileEncoding = 4; lastKnownFileType = sourcecode.c.h; path = AtomicElementTableViewCell.h; sourceTree = "<group>"; };
		30E91B5A183DE89800521FCB /* AtomicElementTableViewCell.m */ = {isa = PBXFileReference; fileEncoding = 4; lastKnownFileType = sourcecode.c.objc; path = AtomicElementTableViewCell.m; sourceTree = "<group>"; };
		30E91B5B183DE89800521FCB /* AtomicElementTileView.h */ = {isa = PBXFileReference; fileEncoding = 4; lastKnownFileType = sourcecode.c.h; path = AtomicElementTileView.h; sourceTree = "<group>"; };
		30E91B5C183DE89800521FCB /* AtomicElementTileView.m */ = {isa = PBXFileReference; fileEncoding = 4; lastKnownFileType = sourcecode.c.objc; path = AtomicElementTileView.m; sourceTree = "<group>"; };
		30E91B5D183DE89800521FCB /* AtomicElementView.h */ = {isa = PBXFileReference; fileEncoding = 4; lastKnownFileType = sourcecode.c.h; path = AtomicElementView.h; sourceTree = "<group>"; };
		30E91B5E183DE89800521FCB /* AtomicElementView.m */ = {isa = PBXFileReference; fileEncoding = 4; lastKnownFileType = sourcecode.c.objc; path = AtomicElementView.m; sourceTree = "<group>"; };
		30E91B5F183DE89800521FCB /* AtomicElementViewController.h */ = {isa = PBXFileReference; fileEncoding = 4; lastKnownFileType = sourcecode.c.h; path = AtomicElementViewController.h; sourceTree = "<group>"; };
		30E91B60183DE89800521FCB /* AtomicElementViewController.m */ = {isa = PBXFileReference; fileEncoding = 4; lastKnownFileType = sourcecode.c.objc; path = AtomicElementViewController.m; sourceTree = "<group>"; };
		30E91B61183DE89800521FCB /* ElementsDataSourceProtocol.h */ = {isa = PBXFileReference; fileEncoding = 4; lastKnownFileType = sourcecode.c.h; path = ElementsDataSourceProtocol.h; sourceTree = "<group>"; };
		30E91B62183DE89800521FCB /* ElementsSortedByAtomicNumberDataSource.h */ = {isa = PBXFileReference; fileEncoding = 4; lastKnownFileType = sourcecode.c.h; path = ElementsSortedByAtomicNumberDataSource.h; sourceTree = "<group>"; };
		30E91B63183DE89800521FCB /* ElementsSortedByAtomicNumberDataSource.m */ = {isa = PBXFileReference; fileEncoding = 4; lastKnownFileType = sourcecode.c.objc; path = ElementsSortedByAtomicNumberDataSource.m; sourceTree = "<group>"; };
		30E91B6B183DE8AE00521FCB /* ElementsSortedByNameDataSource.h */ = {isa = PBXFileReference; fileEncoding = 4; lastKnownFileType = sourcecode.c.h; path = ElementsSortedByNameDataSource.h; sourceTree = "<group>"; };
		30E91B6C183DE8AE00521FCB /* ElementsSortedByNameDataSource.m */ = {isa = PBXFileReference; fileEncoding = 4; lastKnownFileType = sourcecode.c.objc; path = ElementsSortedByNameDataSource.m; sourceTree = "<group>"; };
		30E91B6D183DE8AE00521FCB /* ElementsSortedByStateDataSource.h */ = {isa = PBXFileReference; fileEncoding = 4; lastKnownFileType = sourcecode.c.h; path = ElementsSortedByStateDataSource.h; sourceTree = "<group>"; };
		30E91B6E183DE8AE00521FCB /* ElementsSortedByStateDataSource.m */ = {isa = PBXFileReference; fileEncoding = 4; lastKnownFileType = sourcecode.c.objc; path = ElementsSortedByStateDataSource.m; sourceTree = "<group>"; };
		30E91B6F183DE8AE00521FCB /* ElementsSortedBySymbolDataSource.h */ = {isa = PBXFileReference; fileEncoding = 4; lastKnownFileType = sourcecode.c.h; path = ElementsSortedBySymbolDataSource.h; sourceTree = "<group>"; };
		30E91B70183DE8AE00521FCB /* ElementsSortedBySymbolDataSource.m */ = {isa = PBXFileReference; fileEncoding = 4; lastKnownFileType = sourcecode.c.objc; path = ElementsSortedBySymbolDataSource.m; sourceTree = "<group>"; };
		30E91B71183DE8AE00521FCB /* ElementsTableViewController.h */ = {isa = PBXFileReference; fileEncoding = 4; lastKnownFileType = sourcecode.c.h; path = ElementsTableViewController.h; sourceTree = "<group>"; };
		30E91B72183DE8AE00521FCB /* ElementsTableViewController.m */ = {isa = PBXFileReference; fileEncoding = 4; lastKnownFileType = sourcecode.c.objc; path = ElementsTableViewController.m; sourceTree = "<group>"; };
		30E91B73183DE8AE00521FCB /* PeriodicElements.h */ = {isa = PBXFileReference; fileEncoding = 4; lastKnownFileType = sourcecode.c.h; path = PeriodicElements.h; sourceTree = "<group>"; };
		30E91B74183DE8AE00521FCB /* PeriodicElements.m */ = {isa = PBXFileReference; fileEncoding = 4; lastKnownFileType = sourcecode.c.objc; path = PeriodicElements.m; sourceTree = "<group>"; };
		30E91BA8183DF8BF00521FCB /* Elements.plist */ = {isa = PBXFileReference; fileEncoding = 4; lastKnownFileType = text.plist.xml; path = Elements.plist; sourceTree = "<group>"; };
		30E91BAA183E0DAE00521FCB /* Artificial_24.png */ = {isa = PBXFileReference; lastKnownFileType = image.png; path = Artificial_24.png; sourceTree = "<group>"; };
		30E91BAB183E0DAE00521FCB /* Artificial_30.png */ = {isa = PBXFileReference; lastKnownFileType = image.png; path = Artificial_30.png; sourceTree = "<group>"; };
		30E91BAC183E0DAE00521FCB /* Artificial_37.png */ = {isa = PBXFileReference; lastKnownFileType = image.png; path = Artificial_37.png; sourceTree = "<group>"; };
		30E91BAD183E0DAE00521FCB /* Artificial_256.png */ = {isa = PBXFileReference; lastKnownFileType = image.png; path = Artificial_256.png; sourceTree = "<group>"; };
		30E91BAE183E0DAE00521FCB /* flipper_list_blue.png */ = {isa = PBXFileReference; lastKnownFileType = image.png; path = flipper_list_blue.png; sourceTree = "<group>"; };
		30E91BAF183E0DAE00521FCB /* Gas_24.png */ = {isa = PBXFileReference; lastKnownFileType = image.png; path = Gas_24.png; sourceTree = "<group>"; };
		30E91BB0183E0DAE00521FCB /* Gas_30.png */ = {isa = PBXFileReference; lastKnownFileType = image.png; path = Gas_30.png; sourceTree = "<group>"; };
		30E91BB1183E0DAE00521FCB /* Gas_37.png */ = {isa = PBXFileReference; lastKnownFileType = image.png; path = Gas_37.png; sourceTree = "<group>"; };
		30E91BB2183E0DAE00521FCB /* Gas_256.png */ = {isa = PBXFileReference; lastKnownFileType = image.png; path = Gas_256.png; sourceTree = "<group>"; };
		30E91BB3183E0DAE00521FCB /* Liquid_24.png */ = {isa = PBXFileReference; lastKnownFileType = image.png; path = Liquid_24.png; sourceTree = "<group>"; };
		30E91BB4183E0DAE00521FCB /* Liquid_30.png */ = {isa = PBXFileReference; lastKnownFileType = image.png; path = Liquid_30.png; sourceTree = "<group>"; };
		30E91BB5183E0DAE00521FCB /* Liquid_37.png */ = {isa = PBXFileReference; lastKnownFileType = image.png; path = Liquid_37.png; sourceTree = "<group>"; };
		30E91BB6183E0DAE00521FCB /* Liquid_256.png */ = {isa = PBXFileReference; lastKnownFileType = image.png; path = Liquid_256.png; sourceTree = "<group>"; };
		30E91BB7183E0DAE00521FCB /* name_gray.png */ = {isa = PBXFileReference; lastKnownFileType = image.png; path = name_gray.png; sourceTree = "<group>"; };
		30E91BB8183E0DAE00521FCB /* number_gray.png */ = {isa = PBXFileReference; lastKnownFileType = image.png; path = number_gray.png; sourceTree = "<group>"; };
		30E91BB9183E0DAE00521FCB /* Solid_24.png */ = {isa = PBXFileReference; lastKnownFileType = image.png; path = Solid_24.png; sourceTree = "<group>"; };
		30E91BBA183E0DAE00521FCB /* Solid_30.png */ = {isa = PBXFileReference; lastKnownFileType = image.png; path = Solid_30.png; sourceTree = "<group>"; };
		30E91BBB183E0DAE00521FCB /* Solid_37.png */ = {isa = PBXFileReference; lastKnownFileType = image.png; path = Solid_37.png; sourceTree = "<group>"; };
		30E91BBC183E0DAE00521FCB /* Solid_256.png */ = {isa = PBXFileReference; lastKnownFileType = image.png; path = Solid_256.png; sourceTree = "<group>"; };
		30E91BBD183E0DAE00521FCB /* state_gray.png */ = {isa = PBXFileReference; lastKnownFileType = image.png; path = state_gray.png; sourceTree = "<group>"; };
		30E91BBE183E0DAE00521FCB /* symbol_gray.png */ = {isa = PBXFileReference; lastKnownFileType = image.png; path = symbol_gray.png; sourceTree = "<group>"; };
		30E91BBF183E0DAE00521FCB /* table_gray.png */ = {isa = PBXFileReference; lastKnownFileType = image.png; path = table_gray.png; sourceTree = "<group>"; };
/* End PBXFileReference section */

/* Begin PBXFrameworksBuildPhase section */
		30722993183CB6C500AF73E5 /* Frameworks */ = {
			isa = PBXFrameworksBuildPhase;
			buildActionMask = 2147483647;
			files = (
				3072299C183CB6C500AF73E5 /* CoreGraphics.framework in Frameworks */,
				3072299E183CB6C500AF73E5 /* UIKit.framework in Frameworks */,
				3072299A183CB6C500AF73E5 /* Foundation.framework in Frameworks */,
			);
			runOnlyForDeploymentPostprocessing = 0;
		};
		307229B4183CB6C500AF73E5 /* Frameworks */ = {
			isa = PBXFrameworksBuildPhase;
			buildActionMask = 2147483647;
			files = (
				307229B9183CB6C500AF73E5 /* XCTest.framework in Frameworks */,
				307229BB183CB6C500AF73E5 /* UIKit.framework in Frameworks */,
				307229BA183CB6C500AF73E5 /* Foundation.framework in Frameworks */,
			);
			runOnlyForDeploymentPostprocessing = 0;
		};
/* End PBXFrameworksBuildPhase section */

/* Begin PBXGroup section */
		3022B743183DB80A0027BC6A /* Images */ = {
			isa = PBXGroup;
			children = (
				30E91BAA183E0DAE00521FCB /* Artificial_24.png */,
				30E91BAB183E0DAE00521FCB /* Artificial_30.png */,
				30E91BAC183E0DAE00521FCB /* Artificial_37.png */,
				30E91BAD183E0DAE00521FCB /* Artificial_256.png */,
				30E91BAE183E0DAE00521FCB /* flipper_list_blue.png */,
				30E91BAF183E0DAE00521FCB /* Gas_24.png */,
				30E91BB0183E0DAE00521FCB /* Gas_30.png */,
				30E91BB1183E0DAE00521FCB /* Gas_37.png */,
				30E91BB2183E0DAE00521FCB /* Gas_256.png */,
				30E91BB3183E0DAE00521FCB /* Liquid_24.png */,
				30E91BB4183E0DAE00521FCB /* Liquid_30.png */,
				30E91BB5183E0DAE00521FCB /* Liquid_37.png */,
				30E91BB6183E0DAE00521FCB /* Liquid_256.png */,
				30E91BB7183E0DAE00521FCB /* name_gray.png */,
				30E91BB8183E0DAE00521FCB /* number_gray.png */,
				30E91BB9183E0DAE00521FCB /* Solid_24.png */,
				30E91BBA183E0DAE00521FCB /* Solid_30.png */,
				30E91BBB183E0DAE00521FCB /* Solid_37.png */,
				30E91BBC183E0DAE00521FCB /* Solid_256.png */,
				30E91BBD183E0DAE00521FCB /* state_gray.png */,
				30E91BBE183E0DAE00521FCB /* symbol_gray.png */,
				30E91BBF183E0DAE00521FCB /* table_gray.png */,
			);
			name = Images;
			path = demo/Images;
			sourceTree = "<group>";
		};
		3072298D183CB6C500AF73E5 = {
			isa = PBXGroup;
			children = (
				3022B743183DB80A0027BC6A /* Images */,
				3072299F183CB6C500AF73E5 /* demo */,
				307229BE183CB6C500AF73E5 /* demoTests */,
				30722998183CB6C500AF73E5 /* Frameworks */,
				30722997183CB6C500AF73E5 /* Products */,
			);
			sourceTree = "<group>";
		};
		30722997183CB6C500AF73E5 /* Products */ = {
			isa = PBXGroup;
			children = (
				30722996183CB6C500AF73E5 /* demo.app */,
				307229B7183CB6C500AF73E5 /* demoTests.xctest */,
			);
			name = Products;
			sourceTree = "<group>";
		};
		30722998183CB6C500AF73E5 /* Frameworks */ = {
			isa = PBXGroup;
			children = (
				30722999183CB6C500AF73E5 /* Foundation.framework */,
				3072299B183CB6C500AF73E5 /* CoreGraphics.framework */,
				3072299D183CB6C500AF73E5 /* UIKit.framework */,
				307229B8183CB6C500AF73E5 /* XCTest.framework */,
			);
			name = Frameworks;
			sourceTree = "<group>";
		};
		3072299F183CB6C500AF73E5 /* demo */ = {
			isa = PBXGroup;
			children = (
				30E91B57183DE89800521FCB /* AtomicElementFlippedView.h */,
				30E91B58183DE89800521FCB /* AtomicElementFlippedView.m */,
				30E91B5B183DE89800521FCB /* AtomicElementTileView.h */,
				30E91B5C183DE89800521FCB /* AtomicElementTileView.m */,
				30E91B5D183DE89800521FCB /* AtomicElementView.h */,
				30E91B5E183DE89800521FCB /* AtomicElementView.m */,
				30E91B5F183DE89800521FCB /* AtomicElementViewController.h */,
				30E91B60183DE89800521FCB /* AtomicElementViewController.m */,
				307229A8183CB6C500AF73E5 /* DemoAppDelegate.h */,
				307229A9183CB6C500AF73E5 /* DemoAppDelegate.m */,
				30E91B71183DE8AE00521FCB /* ElementsTableViewController.h */,
				30E91B72183DE8AE00521FCB /* ElementsTableViewController.m */,
				30E91B61183DE89800521FCB /* ElementsDataSourceProtocol.h */,
				30E91B62183DE89800521FCB /* ElementsSortedByAtomicNumberDataSource.h */,
				30E91B63183DE89800521FCB /* ElementsSortedByAtomicNumberDataSource.m */,
				30E91B6B183DE8AE00521FCB /* ElementsSortedByNameDataSource.h */,
				30E91B6C183DE8AE00521FCB /* ElementsSortedByNameDataSource.m */,
				30E91B6D183DE8AE00521FCB /* ElementsSortedByStateDataSource.h */,
				30E91B6E183DE8AE00521FCB /* ElementsSortedByStateDataSource.m */,
				30E91B6F183DE8AE00521FCB /* ElementsSortedBySymbolDataSource.h */,
				30E91B70183DE8AE00521FCB /* ElementsSortedBySymbolDataSource.m */,
				30E91B55183DE89800521FCB /* AtomicElement.h */,
				30E91B56183DE89800521FCB /* AtomicElement.m */,
				30E91B59183DE89800521FCB /* AtomicElementTableViewCell.h */,
				30E91B5A183DE89800521FCB /* AtomicElementTableViewCell.m */,
				30E91B73183DE8AE00521FCB /* PeriodicElements.h */,
				30E91B74183DE8AE00521FCB /* PeriodicElements.m */,
				307229AB183CB6C500AF73E5 /* Main.storyboard */,
				307229B1183CB6C500AF73E5 /* Images.xcassets */,
				307229A0183CB6C500AF73E5 /* Supporting Files */,
			);
			path = demo;
			sourceTree = "<group>";
		};
		307229A0183CB6C500AF73E5 /* Supporting Files */ = {
			isa = PBXGroup;
			children = (
				30E91BA8183DF8BF00521FCB /* Elements.plist */,
				307229A1183CB6C500AF73E5 /* demo-Info.plist */,
				307229A2183CB6C500AF73E5 /* InfoPlist.strings */,
				307229A5183CB6C500AF73E5 /* main.m */,
				307229A7183CB6C500AF73E5 /* demo-Prefix.pch */,
			);
			name = "Supporting Files";
			sourceTree = "<group>";
		};
		307229BE183CB6C500AF73E5 /* demoTests */ = {
			isa = PBXGroup;
			children = (
				307229C4183CB6C500AF73E5 /* demoTests.m */,
				307229BF183CB6C500AF73E5 /* Supporting Files */,
			);
			path = demoTests;
			sourceTree = "<group>";
		};
		307229BF183CB6C500AF73E5 /* Supporting Files */ = {
			isa = PBXGroup;
			children = (
				307229C0183CB6C500AF73E5 /* demoTests-Info.plist */,
				307229C1183CB6C500AF73E5 /* InfoPlist.strings */,
			);
			name = "Supporting Files";
			sourceTree = "<group>";
		};
/* End PBXGroup section */

/* Begin PBXNativeTarget section */
		30722995183CB6C500AF73E5 /* demo */ = {
			isa = PBXNativeTarget;
			buildConfigurationList = 307229C8183CB6C500AF73E5 /* Build configuration list for PBXNativeTarget "demo" */;
			buildPhases = (
				30722992183CB6C500AF73E5 /* Sources */,
				30722993183CB6C500AF73E5 /* Frameworks */,
				30722994183CB6C500AF73E5 /* Resources */,
			);
			buildRules = (
			);
			dependencies = (
			);
			name = demo;
			productName = demo;
			productReference = 30722996183CB6C500AF73E5 /* demo.app */;
			productType = "com.apple.product-type.application";
		};
		307229B6183CB6C500AF73E5 /* demoTests */ = {
			isa = PBXNativeTarget;
			buildConfigurationList = 307229CB183CB6C500AF73E5 /* Build configuration list for PBXNativeTarget "demoTests" */;
			buildPhases = (
				307229B3183CB6C500AF73E5 /* Sources */,
				307229B4183CB6C500AF73E5 /* Frameworks */,
				307229B5183CB6C500AF73E5 /* Resources */,
			);
			buildRules = (
			);
			dependencies = (
				307229BD183CB6C500AF73E5 /* PBXTargetDependency */,
			);
			name = demoTests;
			productName = demoTests;
			productReference = 307229B7183CB6C500AF73E5 /* demoTests.xctest */;
			productType = "com.apple.product-type.bundle.unit-test";
		};
/* End PBXNativeTarget section */

/* Begin PBXProject section */
		3072298E183CB6C500AF73E5 /* Project object */ = {
			isa = PBXProject;
			attributes = {
				CLASSPREFIX = Demo;
				LastUpgradeCheck = 0500;
				ORGANIZATIONNAME = "库颖";
				TargetAttributes = {
					30722995183CB6C500AF73E5 = {
						DevelopmentTeam = TM866FS4HV;
					};
					307229B6183CB6C500AF73E5 = {
						TestTargetID = 30722995183CB6C500AF73E5;
					};
				};
			};
			buildConfigurationList = 30722991183CB6C500AF73E5 /* Build configuration list for PBXProject "demo" */;
			compatibilityVersion = "Xcode 3.2";
			developmentRegion = English;
			hasScannedForEncodings = 0;
			knownRegions = (
				en,
				Base,
			);
			mainGroup = 3072298D183CB6C500AF73E5;
			productRefGroup = 30722997183CB6C500AF73E5 /* Products */;
			projectDirPath = "";
			projectRoot = "";
			targets = (
				30722995183CB6C500AF73E5 /* demo */,
				307229B6183CB6C500AF73E5 /* demoTests */,
			);
		};
/* End PBXProject section */

/* Begin PBXResourcesBuildPhase section */
		30722994183CB6C500AF73E5 /* Resources */ = {
			isa = PBXResourcesBuildPhase;
			buildActionMask = 2147483647;
			files = (
				30E91BC0183E0DAE00521FCB /* Artificial_24.png in Resources */,
				30E91BCD183E0DAE00521FCB /* name_gray.png in Resources */,
				30E91BD4183E0DAE00521FCB /* symbol_gray.png in Resources */,
				30E91BD5183E0DAE00521FCB /* table_gray.png in Resources */,
				30E91BCB183E0DAE00521FCB /* Liquid_37.png in Resources */,
				30E91BC7183E0DAE00521FCB /* Gas_37.png in Resources */,
				30E91BD3183E0DAE00521FCB /* state_gray.png in Resources */,
				30E91BC5183E0DAE00521FCB /* Gas_24.png in Resources */,
				30E91BC3183E0DAE00521FCB /* Artificial_256.png in Resources */,
				30E91BC8183E0DAE00521FCB /* Gas_256.png in Resources */,
				30E91BD0183E0DAE00521FCB /* Solid_30.png in Resources */,
				30E91BCF183E0DAE00521FCB /* Solid_24.png in Resources */,
				30E91BC2183E0DAE00521FCB /* Artificial_37.png in Resources */,
				30E91BA9183DF8BF00521FCB /* Elements.plist in Resources */,
				30E91BC1183E0DAE00521FCB /* Artificial_30.png in Resources */,
				307229B2183CB6C500AF73E5 /* Images.xcassets in Resources */,
				30E91BCC183E0DAE00521FCB /* Liquid_256.png in Resources */,
				307229A4183CB6C500AF73E5 /* InfoPlist.strings in Resources */,
				307229AD183CB6C500AF73E5 /* Main.storyboard in Resources */,
				30E91BC4183E0DAE00521FCB /* flipper_list_blue.png in Resources */,
				30E91BC6183E0DAE00521FCB /* Gas_30.png in Resources */,
				30E91BCE183E0DAE00521FCB /* number_gray.png in Resources */,
				30E91BD1183E0DAE00521FCB /* Solid_37.png in Resources */,
				30E91BD2183E0DAE00521FCB /* Solid_256.png in Resources */,
				30E91BC9183E0DAE00521FCB /* Liquid_24.png in Resources */,
				30E91BCA183E0DAE00521FCB /* Liquid_30.png in Resources */,
			);
			runOnlyForDeploymentPostprocessing = 0;
		};
		307229B5183CB6C500AF73E5 /* Resources */ = {
			isa = PBXResourcesBuildPhase;
			buildActionMask = 2147483647;
			files = (
				307229C3183CB6C500AF73E5 /* InfoPlist.strings in Resources */,
			);
			runOnlyForDeploymentPostprocessing = 0;
		};
/* End PBXResourcesBuildPhase section */

/* Begin PBXSourcesBuildPhase section */
		30722992183CB6C500AF73E5 /* Sources */ = {
			isa = PBXSourcesBuildPhase;
			buildActionMask = 2147483647;
			files = (
				30E91B69183DE89800521FCB /* AtomicElementViewController.m in Sources */,
				30E91B75183DE8AE00521FCB /* ElementsSortedByNameDataSource.m in Sources */,
				30E91B6A183DE89800521FCB /* ElementsSortedByAtomicNumberDataSource.m in Sources */,
				30E91B68183DE89800521FCB /* AtomicElementView.m in Sources */,
				30E91B77183DE8AE00521FCB /* ElementsSortedBySymbolDataSource.m in Sources */,
				30E91B64183DE89800521FCB /* AtomicElement.m in Sources */,
				30E91B65183DE89800521FCB /* AtomicElementFlippedView.m in Sources */,
				307229A6183CB6C500AF73E5 /* main.m in Sources */,
				307229AA183CB6C500AF73E5 /* DemoAppDelegate.m in Sources */,
				30E91B78183DE8AE00521FCB /* ElementsTableViewController.m in Sources */,
				30E91B79183DE8AE00521FCB /* PeriodicElements.m in Sources */,
				30E91B66183DE89800521FCB /* AtomicElementTableViewCell.m in Sources */,
				30E91B67183DE89800521FCB /* AtomicElementTileView.m in Sources */,
				30E91B76183DE8AE00521FCB /* ElementsSortedByStateDataSource.m in Sources */,
			);
			runOnlyForDeploymentPostprocessing = 0;
		};
		307229B3183CB6C500AF73E5 /* Sources */ = {
			isa = PBXSourcesBuildPhase;
			buildActionMask = 2147483647;
			files = (
				307229C5183CB6C500AF73E5 /* demoTests.m in Sources */,
			);
			runOnlyForDeploymentPostprocessing = 0;
		};
/* End PBXSourcesBuildPhase section */

/* Begin PBXTargetDependency section */
		307229BD183CB6C500AF73E5 /* PBXTargetDependency */ = {
			isa = PBXTargetDependency;
			target = 30722995183CB6C500AF73E5 /* demo */;
			targetProxy = 307229BC183CB6C500AF73E5 /* PBXContainerItemProxy */;
		};
/* End PBXTargetDependency section */

/* Begin PBXVariantGroup section */
		307229A2183CB6C500AF73E5 /* InfoPlist.strings */ = {
			isa = PBXVariantGroup;
			children = (
				307229A3183CB6C500AF73E5 /* en */,
			);
			name = InfoPlist.strings;
			sourceTree = "<group>";
		};
		307229AB183CB6C500AF73E5 /* Main.storyboard */ = {
			isa = PBXVariantGroup;
			children = (
				307229AC183CB6C500AF73E5 /* Base */,
			);
			name = Main.storyboard;
			sourceTree = "<group>";
		};
		307229C1183CB6C500AF73E5 /* InfoPlist.strings */ = {
			isa = PBXVariantGroup;
			children = (
				307229C2183CB6C500AF73E5 /* en */,
			);
			name = InfoPlist.strings;
			sourceTree = "<group>";
		};
/* End PBXVariantGroup section */

/* Begin XCBuildConfiguration section */
		307229C6183CB6C500AF73E5 /* Debug */ = {
			isa = XCBuildConfiguration;
			buildSettings = {
				ALWAYS_SEARCH_USER_PATHS = NO;
				ARCHS = "$(ARCHS_STANDARD_INCLUDING_64_BIT)";
				CLANG_CXX_LANGUAGE_STANDARD = "gnu++0x";
				CLANG_CXX_LIBRARY = "libc++";
				CLANG_ENABLE_MODULES = YES;
				CLANG_ENABLE_OBJC_ARC = YES;
				CLANG_WARN_BOOL_CONVERSION = YES;
				CLANG_WARN_CONSTANT_CONVERSION = YES;
				CLANG_WARN_DIRECT_OBJC_ISA_USAGE = YES_ERROR;
				CLANG_WARN_EMPTY_BODY = YES;
				CLANG_WARN_ENUM_CONVERSION = YES;
				CLANG_WARN_INT_CONVERSION = YES;
				CLANG_WARN_OBJC_ROOT_CLASS = YES_ERROR;
				CLANG_WARN__DUPLICATE_METHOD_MATCH = YES;
				"CODE_SIGN_IDENTITY[sdk=iphoneos*]" = "iPhone Developer";
				COPY_PHASE_STRIP = NO;
				GCC_C_LANGUAGE_STANDARD = gnu99;
				GCC_DYNAMIC_NO_PIC = NO;
				GCC_OPTIMIZATION_LEVEL = 0;
				GCC_PREPROCESSOR_DEFINITIONS = (
					"DEBUG=1",
					"$(inherited)",
				);
				GCC_SYMBOLS_PRIVATE_EXTERN = NO;
				GCC_WARN_64_TO_32_BIT_CONVERSION = YES;
				GCC_WARN_ABOUT_RETURN_TYPE = YES_ERROR;
				GCC_WARN_UNDECLARED_SELECTOR = YES;
				GCC_WARN_UNINITIALIZED_AUTOS = YES;
				GCC_WARN_UNUSED_FUNCTION = YES;
				GCC_WARN_UNUSED_VARIABLE = YES;
				IPHONEOS_DEPLOYMENT_TARGET = 7.0;
				ONLY_ACTIVE_ARCH = YES;
				SDKROOT = iphoneos;
			};
			name = Debug;
		};
		307229C7183CB6C500AF73E5 /* Release */ = {
			isa = XCBuildConfiguration;
			buildSettings = {
				ALWAYS_SEARCH_USER_PATHS = NO;
				ARCHS = "$(ARCHS_STANDARD_INCLUDING_64_BIT)";
				CLANG_CXX_LANGUAGE_STANDARD = "gnu++0x";
				CLANG_CXX_LIBRARY = "libc++";
				CLANG_ENABLE_MODULES = YES;
				CLANG_ENABLE_OBJC_ARC = YES;
				CLANG_WARN_BOOL_CONVERSION = YES;
				CLANG_WARN_CONSTANT_CONVERSION = YES;
				CLANG_WARN_DIRECT_OBJC_ISA_USAGE = YES_ERROR;
				CLANG_WARN_EMPTY_BODY = YES;
				CLANG_WARN_ENUM_CONVERSION = YES;
				CLANG_WARN_INT_CONVERSION = YES;
				CLANG_WARN_OBJC_ROOT_CLASS = YES_ERROR;
				CLANG_WARN__DUPLICATE_METHOD_MATCH = YES;
				"CODE_SIGN_IDENTITY[sdk=iphoneos*]" = "iPhone Developer";
				COPY_PHASE_STRIP = YES;
				ENABLE_NS_ASSERTIONS = NO;
				GCC_C_LANGUAGE_STANDARD = gnu99;
				GCC_WARN_64_TO_32_BIT_CONVERSION = YES;
				GCC_WARN_ABOUT_RETURN_TYPE = YES_ERROR;
				GCC_WARN_UNDECLARED_SELECTOR = YES;
				GCC_WARN_UNINITIALIZED_AUTOS = YES;
				GCC_WARN_UNUSED_FUNCTION = YES;
				GCC_WARN_UNUSED_VARIABLE = YES;
				IPHONEOS_DEPLOYMENT_TARGET = 7.0;
				SDKROOT = iphoneos;
				VALIDATE_PRODUCT = YES;
			};
			name = Release;
		};
		307229C9183CB6C500AF73E5 /* Debug */ = {
			isa = XCBuildConfiguration;
			buildSettings = {
				ASSETCATALOG_COMPILER_APPICON_NAME = AppIcon;
				ASSETCATALOG_COMPILER_LAUNCHIMAGE_NAME = LaunchImage;
				CODE_SIGN_IDENTITY = "iPhone Developer";
				"CODE_SIGN_IDENTITY[sdk=iphoneos*]" = "iPhone Developer";
				GCC_PRECOMPILE_PREFIX_HEADER = YES;
				GCC_PREFIX_HEADER = "demo/demo-Prefix.pch";
				INFOPLIST_FILE = "demo/demo-Info.plist";
				PRODUCT_NAME = "$(TARGET_NAME)";
				PROVISIONING_PROFILE = "9ADDC09C-7E58-4B72-A532-CE3E7AD409E8";
				WRAPPER_EXTENSION = app;
			};
			name = Debug;
		};
		307229CA183CB6C500AF73E5 /* Release */ = {
			isa = XCBuildConfiguration;
			buildSettings = {
				ASSETCATALOG_COMPILER_APPICON_NAME = AppIcon;
				ASSETCATALOG_COMPILER_LAUNCHIMAGE_NAME = LaunchImage;
				CODE_SIGN_IDENTITY = "iPhone Developer";
				"CODE_SIGN_IDENTITY[sdk=iphoneos*]" = "iPhone Developer";
				GCC_PRECOMPILE_PREFIX_HEADER = YES;
				GCC_PREFIX_HEADER = "demo/demo-Prefix.pch";
				INFOPLIST_FILE = "demo/demo-Info.plist";
				PRODUCT_NAME = "$(TARGET_NAME)";
				PROVISIONING_PROFILE = "9ADDC09C-7E58-4B72-A532-CE3E7AD409E8";
				WRAPPER_EXTENSION = app;
			};
			name = Release;
		};
		307229CC183CB6C500AF73E5 /* Debug */ = {
			isa = XCBuildConfiguration;
			buildSettings = {
				ARCHS = "$(ARCHS_STANDARD_INCLUDING_64_BIT)";
				BUNDLE_LOADER = "$(BUILT_PRODUCTS_DIR)/demo.app/demo";
				FRAMEWORK_SEARCH_PATHS = (
					"$(SDKROOT)/Developer/Library/Frameworks",
					"$(inherited)",
					"$(DEVELOPER_FRAMEWORKS_DIR)",
				);
				GCC_PRECOMPILE_PREFIX_HEADER = YES;
				GCC_PREFIX_HEADER = "demo/demo-Prefix.pch";
				GCC_PREPROCESSOR_DEFINITIONS = (
					"DEBUG=1",
					"$(inherited)",
				);
				INFOPLIST_FILE = "demoTests/demoTests-Info.plist";
				PRODUCT_NAME = "$(TARGET_NAME)";
				TEST_HOST = "$(BUNDLE_LOADER)";
				WRAPPER_EXTENSION = xctest;
			};
			name = Debug;
		};
		307229CD183CB6C500AF73E5 /* Release */ = {
			isa = XCBuildConfiguration;
			buildSettings = {
				ARCHS = "$(ARCHS_STANDARD_INCLUDING_64_BIT)";
				BUNDLE_LOADER = "$(BUILT_PRODUCTS_DIR)/demo.app/demo";
				FRAMEWORK_SEARCH_PATHS = (
					"$(SDKROOT)/Developer/Library/Frameworks",
					"$(inherited)",
					"$(DEVELOPER_FRAMEWORKS_DIR)",
				);
				GCC_PRECOMPILE_PREFIX_HEADER = YES;
				GCC_PREFIX_HEADER = "demo/demo-Prefix.pch";
				INFOPLIST_FILE = "demoTests/demoTests-Info.plist";
				PRODUCT_NAME = "$(TARGET_NAME)";
				TEST_HOST = "$(BUNDLE_LOADER)";
				WRAPPER_EXTENSION = xctest;
			};
			name = Release;
		};
/* End XCBuildConfiguration section */

/* Begin XCConfigurationList section */
		30722991183CB6C500AF73E5 /* Build configuration list for PBXProject "demo" */ = {
			isa = XCConfigurationList;
			buildConfigurations = (
				307229C6183CB6C500AF73E5 /* Debug */,
				307229C7183CB6C500AF73E5 /* Release */,
			);
			defaultConfigurationIsVisible = 0;
			defaultConfigurationName = Release;
		};
		307229C8183CB6C500AF73E5 /* Build configuration list for PBXNativeTarget "demo" */ = {
			isa = XCConfigurationList;
			buildConfigurations = (
				307229C9183CB6C500AF73E5 /* Debug */,
				307229CA183CB6C500AF73E5 /* Release */,
			);
			defaultConfigurationIsVisible = 0;
			defaultConfigurationName = Release;
		};
		307229CB183CB6C500AF73E5 /* Build configuration list for PBXNativeTarget "demoTests" */ = {
			isa = XCConfigurationList;
			buildConfigurations = (
				307229CC183CB6C500AF73E5 /* Debug */,
				307229CD183CB6C500AF73E5 /* Release */,
			);
			defaultConfigurationIsVisible = 0;
			defaultConfigurationName = Release;
		};
/* End XCConfigurationList section */
	};
	rootObject = 3072298E183CB6C500AF73E5 /* Project object */;
}
