// !$*UTF8*$!
{
	archiveVersion = 1;
	classes = {
	};
	objectVersion = 46;
	objects = {

/* Begin PBXBuildFile section */
		3032554C183F01B500015953 /* ControlsViewController.m in Sources */ = {isa = PBXBuildFile; fileRef = 30325547183F01B500015953 /* ControlsViewController.m */; };
		3032554D183F01B500015953 /* ImagesViewController.m in Sources */ = {isa = PBXBuildFile; fileRef = 30325549183F01B500015953 /* ImagesViewController.m */; };
		3032554E183F01B500015953 /* PickerViewController.m in Sources */ = {isa = PBXBuildFile; fileRef = 3032554B183F01B500015953 /* PickerViewController.m */; };
		3032555D183F01C600015953 /* SearchBarController.m in Sources */ = {isa = PBXBuildFile; fileRef = 30325550183F01C600015953 /* SearchBarController.m */; };
		3032555E183F01C600015953 /* SegmentViewController.m in Sources */ = {isa = PBXBuildFile; fileRef = 30325552183F01C600015953 /* SegmentViewController.m */; };
		3032555F183F01C600015953 /* TextFieldController.m in Sources */ = {isa = PBXBuildFile; fileRef = 30325554183F01C600015953 /* TextFieldController.m */; };
		30325560183F01C600015953 /* TextViewController.m in Sources */ = {isa = PBXBuildFile; fileRef = 30325556183F01C600015953 /* TextViewController.m */; };
		30325561183F01C600015953 /* ToolbarViewController.m in Sources */ = {isa = PBXBuildFile; fileRef = 30325558183F01C600015953 /* ToolbarViewController.m */; };
		30325562183F01C600015953 /* TransitionViewController.m in Sources */ = {isa = PBXBuildFile; fileRef = 3032555A183F01C600015953 /* TransitionViewController.m */; };
		30325563183F01C600015953 /* WebViewController.m in Sources */ = {isa = PBXBuildFile; fileRef = 3032555C183F01C600015953 /* WebViewController.m */; };
		30325568183F021800015953 /* CustomPickerDataSource.m in Sources */ = {isa = PBXBuildFile; fileRef = 30325565183F021800015953 /* CustomPickerDataSource.m */; };
		30325569183F021800015953 /* CustomView.m in Sources */ = {isa = PBXBuildFile; fileRef = 30325567183F021800015953 /* CustomView.m */; };
		3032556C183F02D900015953 /* ButtonsViewController.m in Sources */ = {isa = PBXBuildFile; fileRef = 3032556B183F02D900015953 /* ButtonsViewController.m */; };
		30325589183F41AB00015953 /* 12-6AM.png in Resources */ = {isa = PBXBuildFile; fileRef = 3032556E183F41AB00015953 /* 12-6AM.png */; };
		3032558A183F41AB00015953 /* 12-6PM.png in Resources */ = {isa = PBXBuildFile; fileRef = 3032556F183F41AB00015953 /* 12-6PM.png */; };
		3032558B183F41AB00015953 /* 6-12AM.png in Resources */ = {isa = PBXBuildFile; fileRef = 30325570183F41AB00015953 /* 6-12AM.png */; };
		3032558C183F41AB00015953 /* 6-12PM.png in Resources */ = {isa = PBXBuildFile; fileRef = 30325571183F41AB00015953 /* 6-12PM.png */; };
		3032558D183F41AB00015953 /* blueButton.png in Resources */ = {isa = PBXBuildFile; fileRef = 30325572183F41AB00015953 /* blueButton.png */; };
		3032558E183F41AB00015953 /* bookmarkImage.png in Resources */ = {isa = PBXBuildFile; fileRef = 30325573183F41AB00015953 /* bookmarkImage.png */; };
		3032558F183F41AB00015953 /* bookmarkImageHighlighted.png in Resources */ = {isa = PBXBuildFile; fileRef = 30325574183F41AB00015953 /* bookmarkImageHighlighted.png */; };
		30325590183F41AB00015953 /* Default-568h@2x.png in Resources */ = {isa = PBXBuildFile; fileRef = 30325575183F41AB00015953 /* Default-568h@2x.png */; };
		30325591183F41AB00015953 /* Default@2x.png in Resources */ = {isa = PBXBuildFile; fileRef = 30325576183F41AB00015953 /* Default@2x.png */; };
		30325592183F41AB00015953 /* divider.png in Resources */ = {isa = PBXBuildFile; fileRef = 30325577183F41AB00015953 /* divider.png */; };
		30325593183F41AB00015953 /* iTunesArtwork in Resources */ = {isa = PBXBuildFile; fileRef = 30325578183F41AB00015953 /* iTunesArtwork */; };
		30325594183F41AB00015953 /* orangeslide.png in Resources */ = {isa = PBXBuildFile; fileRef = 30325579183F41AB00015953 /* orangeslide.png */; };
		30325595183F41AB00015953 /* scene1.jpg in Resources */ = {isa = PBXBuildFile; fileRef = 3032557A183F41AB00015953 /* scene1.jpg */; };
		30325596183F41AB00015953 /* scene2.jpg in Resources */ = {isa = PBXBuildFile; fileRef = 3032557B183F41AB00015953 /* scene2.jpg */; };
		30325597183F41AB00015953 /* scene3.jpg in Resources */ = {isa = PBXBuildFile; fileRef = 3032557C183F41AB00015953 /* scene3.jpg */; };
		30325598183F41AB00015953 /* scene4.jpg in Resources */ = {isa = PBXBuildFile; fileRef = 3032557D183F41AB00015953 /* scene4.jpg */; };
		30325599183F41AB00015953 /* scene5.jpg in Resources */ = {isa = PBXBuildFile; fileRef = 3032557E183F41AB00015953 /* scene5.jpg */; };
		3032559A183F41AB00015953 /* searchBarBackground.png in Resources */ = {isa = PBXBuildFile; fileRef = 3032557F183F41AB00015953 /* searchBarBackground.png */; };
		3032559B183F41AB00015953 /* segment_check.png in Resources */ = {isa = PBXBuildFile; fileRef = 30325580183F41AB00015953 /* segment_check.png */; };
		3032559C183F41AB00015953 /* segment_search.png in Resources */ = {isa = PBXBuildFile; fileRef = 30325581183F41AB00015953 /* segment_search.png */; };
		3032559D183F41AB00015953 /* segment_tools.png in Resources */ = {isa = PBXBuildFile; fileRef = 30325582183F41AB00015953 /* segment_tools.png */; };
		3032559E183F41AB00015953 /* segmentedBackground.png in Resources */ = {isa = PBXBuildFile; fileRef = 30325583183F41AB00015953 /* segmentedBackground.png */; };
		3032559F183F41AB00015953 /* slider_ball.png in Resources */ = {isa = PBXBuildFile; fileRef = 30325584183F41AB00015953 /* slider_ball.png */; };
		303255A0183F41AB00015953 /* toolbarBackground.png in Resources */ = {isa = PBXBuildFile; fileRef = 30325585183F41AB00015953 /* toolbarBackground.png */; };
		303255A1183F41AB00015953 /* UIButton_custom.png in Resources */ = {isa = PBXBuildFile; fileRef = 30325586183F41AB00015953 /* UIButton_custom.png */; };
		303255A2183F41AB00015953 /* whiteButton.png in Resources */ = {isa = PBXBuildFile; fileRef = 30325587183F41AB00015953 /* whiteButton.png */; };
		303255A3183F41AB00015953 /* yellowslide.png in Resources */ = {isa = PBXBuildFile; fileRef = 30325588183F41AB00015953 /* yellowslide.png */; };
		3072299A183CB6C500AF73E5 /* Foundation.framework in Frameworks */ = {isa = PBXBuildFile; fileRef = 30722999183CB6C500AF73E5 /* Foundation.framework */; };
		3072299C183CB6C500AF73E5 /* CoreGraphics.framework in Frameworks */ = {isa = PBXBuildFile; fileRef = 3072299B183CB6C500AF73E5 /* CoreGraphics.framework */; };
		3072299E183CB6C500AF73E5 /* UIKit.framework in Frameworks */ = {isa = PBXBuildFile; fileRef = 3072299D183CB6C500AF73E5 /* UIKit.framework */; };
		307229A4183CB6C500AF73E5 /* InfoPlist.strings in Resources */ = {isa = PBXBuildFile; fileRef = 307229A2183CB6C500AF73E5 /* InfoPlist.strings */; };
		307229A6183CB6C500AF73E5 /* main.m in Sources */ = {isa = PBXBuildFile; fileRef = 307229A5183CB6C500AF73E5 /* main.m */; };
		307229AA183CB6C500AF73E5 /* DemoAppDelegate.m in Sources */ = {isa = PBXBuildFile; fileRef = 307229A9183CB6C500AF73E5 /* DemoAppDelegate.m */; };
		307229AD183CB6C500AF73E5 /* Main.storyboard in Resources */ = {isa = PBXBuildFile; fileRef = 307229AB183CB6C500AF73E5 /* Main.storyboard */; };
		307229B2183CB6C500AF73E5 /* Images.xcassets in Resources */ = {isa = PBXBuildFile; fileRef = 307229B1183CB6C500AF73E5 /* Images.xcassets */; };
		307229B9183CB6C500AF73E5 /* XCTest.framework in Frameworks */ = {isa = PBXBuildFile; fileRef = 307229B8183CB6C500AF73E5 /* XCTest.framework */; };
		307229BA183CB6C500AF73E5 /* Foundation.framework in Frameworks */ = {isa = PBXBuildFile; fileRef = 30722999183CB6C500AF73E5 /* Foundation.framework */; };
		307229BB183CB6C500AF73E5 /* UIKit.framework in Frameworks */ = {isa = PBXBuildFile; fileRef = 3072299D183CB6C500AF73E5 /* UIKit.framework */; };
		307229C3183CB6C500AF73E5 /* InfoPlist.strings in Resources */ = {isa = PBXBuildFile; fileRef = 307229C1183CB6C500AF73E5 /* InfoPlist.strings */; };
		307229C5183CB6C500AF73E5 /* demoTests.m in Sources */ = {isa = PBXBuildFile; fileRef = 307229C4183CB6C500AF73E5 /* demoTests.m */; };
/* End PBXBuildFile section */

/* Begin PBXContainerItemProxy section */
		307229BC183CB6C500AF73E5 /* PBXContainerItemProxy */ = {
			isa = PBXContainerItemProxy;
			containerPortal = 3072298E183CB6C500AF73E5 /* Project object */;
			proxyType = 1;
			remoteGlobalIDString = 30722995183CB6C500AF73E5;
			remoteInfo = demo;
		};
/* End PBXContainerItemProxy section */

/* Begin PBXFileReference section */
		3032553D183EFAC400015953 /* Constants.h */ = {isa = PBXFileReference; fileEncoding = 4; lastKnownFileType = sourcecode.c.h; path = Constants.h; sourceTree = "<group>"; };
		30325546183F01B500015953 /* ControlsViewController.h */ = {isa = PBXFileReference; fileEncoding = 4; lastKnownFileType = sourcecode.c.h; path = ControlsViewController.h; sourceTree = "<group>"; };
		30325547183F01B500015953 /* ControlsViewController.m */ = {isa = PBXFileReference; fileEncoding = 4; lastKnownFileType = sourcecode.c.objc; path = ControlsViewController.m; sourceTree = "<group>"; };
		30325548183F01B500015953 /* ImagesViewController.h */ = {isa = PBXFileReference; fileEncoding = 4; lastKnownFileType = sourcecode.c.h; path = ImagesViewController.h; sourceTree = "<group>"; };
		30325549183F01B500015953 /* ImagesViewController.m */ = {isa = PBXFileReference; fileEncoding = 4; lastKnownFileType = sourcecode.c.objc; path = ImagesViewController.m; sourceTree = "<group>"; };
		3032554A183F01B500015953 /* PickerViewController.h */ = {isa = PBXFileReference; fileEncoding = 4; lastKnownFileType = sourcecode.c.h; path = PickerViewController.h; sourceTree = "<group>"; };
		3032554B183F01B500015953 /* PickerViewController.m */ = {isa = PBXFileReference; fileEncoding = 4; lastKnownFileType = sourcecode.c.objc; path = PickerViewController.m; sourceTree = "<group>"; };
		3032554F183F01C600015953 /* SearchBarController.h */ = {isa = PBXFileReference; fileEncoding = 4; lastKnownFileType = sourcecode.c.h; path = SearchBarController.h; sourceTree = "<group>"; };
		30325550183F01C600015953 /* SearchBarController.m */ = {isa = PBXFileReference; fileEncoding = 4; lastKnownFileType = sourcecode.c.objc; path = SearchBarController.m; sourceTree = "<group>"; };
		30325551183F01C600015953 /* SegmentViewController.h */ = {isa = PBXFileReference; fileEncoding = 4; lastKnownFileType = sourcecode.c.h; path = SegmentViewController.h; sourceTree = "<group>"; };
		30325552183F01C600015953 /* SegmentViewController.m */ = {isa = PBXFileReference; fileEncoding = 4; lastKnownFileType = sourcecode.c.objc; path = SegmentViewController.m; sourceTree = "<group>"; };
		30325553183F01C600015953 /* TextFieldController.h */ = {isa = PBXFileReference; fileEncoding = 4; lastKnownFileType = sourcecode.c.h; path = TextFieldController.h; sourceTree = "<group>"; };
		30325554183F01C600015953 /* TextFieldController.m */ = {isa = PBXFileReference; fileEncoding = 4; lastKnownFileType = sourcecode.c.objc; path = TextFieldController.m; sourceTree = "<group>"; };
		30325555183F01C600015953 /* TextViewController.h */ = {isa = PBXFileReference; fileEncoding = 4; lastKnownFileType = sourcecode.c.h; path = TextViewController.h; sourceTree = "<group>"; };
		30325556183F01C600015953 /* TextViewController.m */ = {isa = PBXFileReference; fileEncoding = 4; lastKnownFileType = sourcecode.c.objc; path = TextViewController.m; sourceTree = "<group>"; };
		30325557183F01C600015953 /* ToolbarViewController.h */ = {isa = PBXFileReference; fileEncoding = 4; lastKnownFileType = sourcecode.c.h; path = ToolbarViewController.h; sourceTree = "<group>"; };
		30325558183F01C600015953 /* ToolbarViewController.m */ = {isa = PBXFileReference; fileEncoding = 4; lastKnownFileType = sourcecode.c.objc; path = ToolbarViewController.m; sourceTree = "<group>"; };
		30325559183F01C600015953 /* TransitionViewController.h */ = {isa = PBXFileReference; fileEncoding = 4; lastKnownFileType = sourcecode.c.h; path = TransitionViewController.h; sourceTree = "<group>"; };
		3032555A183F01C600015953 /* TransitionViewController.m */ = {isa = PBXFileReference; fileEncoding = 4; lastKnownFileType = sourcecode.c.objc; path = TransitionViewController.m; sourceTree = "<group>"; };
		3032555B183F01C600015953 /* WebViewController.h */ = {isa = PBXFileReference; fileEncoding = 4; lastKnownFileType = sourcecode.c.h; path = WebViewController.h; sourceTree = "<group>"; };
		3032555C183F01C600015953 /* WebViewController.m */ = {isa = PBXFileReference; fileEncoding = 4; lastKnownFileType = sourcecode.c.objc; path = WebViewController.m; sourceTree = "<group>"; };
		30325564183F021800015953 /* CustomPickerDataSource.h */ = {isa = PBXFileReference; fileEncoding = 4; lastKnownFileType = sourcecode.c.h; path = CustomPickerDataSource.h; sourceTree = "<group>"; };
		30325565183F021800015953 /* CustomPickerDataSource.m */ = {isa = PBXFileReference; fileEncoding = 4; lastKnownFileType = sourcecode.c.objc; path = CustomPickerDataSource.m; sourceTree = "<group>"; };
		30325566183F021800015953 /* CustomView.h */ = {isa = PBXFileReference; fileEncoding = 4; lastKnownFileType = sourcecode.c.h; path = CustomView.h; sourceTree = "<group>"; };
		30325567183F021800015953 /* CustomView.m */ = {isa = PBXFileReference; fileEncoding = 4; lastKnownFileType = sourcecode.c.objc; path = CustomView.m; sourceTree = "<group>"; };
		3032556A183F02D900015953 /* ButtonsViewController.h */ = {isa = PBXFileReference; fileEncoding = 4; lastKnownFileType = sourcecode.c.h; path = ButtonsViewController.h; sourceTree = "<group>"; };
		3032556B183F02D900015953 /* ButtonsViewController.m */ = {isa = PBXFileReference; fileEncoding = 4; lastKnownFileType = sourcecode.c.objc; path = ButtonsViewController.m; sourceTree = "<group>"; };
		3032556E183F41AB00015953 /* 12-6AM.png */ = {isa = PBXFileReference; lastKnownFileType = image.png; path = "12-6AM.png"; sourceTree = "<group>"; };
		3032556F183F41AB00015953 /* 12-6PM.png */ = {isa = PBXFileReference; lastKnownFileType = image.png; path = "12-6PM.png"; sourceTree = "<group>"; };
		30325570183F41AB00015953 /* 6-12AM.png */ = {isa = PBXFileReference; lastKnownFileType = image.png; path = "6-12AM.png"; sourceTree = "<group>"; };
		30325571183F41AB00015953 /* 6-12PM.png */ = {isa = PBXFileReference; lastKnownFileType = image.png; path = "6-12PM.png"; sourceTree = "<group>"; };
		30325572183F41AB00015953 /* blueButton.png */ = {isa = PBXFileReference; lastKnownFileType = image.png; path = blueButton.png; sourceTree = "<group>"; };
		30325573183F41AB00015953 /* bookmarkImage.png */ = {isa = PBXFileReference; lastKnownFileType = image.png; path = bookmarkImage.png; sourceTree = "<group>"; };
		30325574183F41AB00015953 /* bookmarkImageHighlighted.png */ = {isa = PBXFileReference; lastKnownFileType = image.png; path = bookmarkImageHighlighted.png; sourceTree = "<group>"; };
		30325575183F41AB00015953 /* Default-568h@2x.png */ = {isa = PBXFileReference; lastKnownFileType = image.png; path = "Default-568h@2x.png"; sourceTree = "<group>"; };
		30325576183F41AB00015953 /* Default@2x.png */ = {isa = PBXFileReference; lastKnownFileType = image.png; path = "Default@2x.png"; sourceTree = "<group>"; };
		30325577183F41AB00015953 /* divider.png */ = {isa = PBXFileReference; lastKnownFileType = image.png; path = divider.png; sourceTree = "<group>"; };
		30325578183F41AB00015953 /* iTunesArtwork */ = {isa = PBXFileReference; lastKnownFileType = file; path = iTunesArtwork; sourceTree = "<group>"; };
		30325579183F41AB00015953 /* orangeslide.png */ = {isa = PBXFileReference; lastKnownFileType = image.png; path = orangeslide.png; sourceTree = "<group>"; };
		3032557A183F41AB00015953 /* scene1.jpg */ = {isa = PBXFileReference; lastKnownFileType = image.jpeg; path = scene1.jpg; sourceTree = "<group>"; };
		3032557B183F41AB00015953 /* scene2.jpg */ = {isa = PBXFileReference; lastKnownFileType = image.jpeg; path = scene2.jpg; sourceTree = "<group>"; };
		3032557C183F41AB00015953 /* scene3.jpg */ = {isa = PBXFileReference; lastKnownFileType = image.jpeg; path = scene3.jpg; sourceTree = "<group>"; };
		3032557D183F41AB00015953 /* scene4.jpg */ = {isa = PBXFileReference; lastKnownFileType = image.jpeg; path = scene4.jpg; sourceTree = "<group>"; };
		3032557E183F41AB00015953 /* scene5.jpg */ = {isa = PBXFileReference; lastKnownFileType = image.jpeg; path = scene5.jpg; sourceTree = "<group>"; };
		3032557F183F41AB00015953 /* searchBarBackground.png */ = {isa = PBXFileReference; lastKnownFileType = image.png; path = searchBarBackground.png; sourceTree = "<group>"; };
		30325580183F41AB00015953 /* segment_check.png */ = {isa = PBXFileReference; lastKnownFileType = image.png; path = segment_check.png; sourceTree = "<group>"; };
		30325581183F41AB00015953 /* segment_search.png */ = {isa = PBXFileReference; lastKnownFileType = image.png; path = segment_search.png; sourceTree = "<group>"; };
		30325582183F41AB00015953 /* segment_tools.png */ = {isa = PBXFileReference; lastKnownFileType = image.png; path = segment_tools.png; sourceTree = "<group>"; };
		30325583183F41AB00015953 /* segmentedBackground.png */ = {isa = PBXFileReference; lastKnownFileType = image.png; path = segmentedBackground.png; sourceTree = "<group>"; };
		30325584183F41AB00015953 /* slider_ball.png */ = {isa = PBXFileReference; lastKnownFileType = image.png; path = slider_ball.png; sourceTree = "<group>"; };
		30325585183F41AB00015953 /* toolbarBackground.png */ = {isa = PBXFileReference; lastKnownFileType = image.png; path = toolbarBackground.png; sourceTree = "<group>"; };
		30325586183F41AB00015953 /* UIButton_custom.png */ = {isa = PBXFileReference; lastKnownFileType = image.png; path = UIButton_custom.png; sourceTree = "<group>"; };
		30325587183F41AB00015953 /* whiteButton.png */ = {isa = PBXFileReference; lastKnownFileType = image.png; path = whiteButton.png; sourceTree = "<group>"; };
		30325588183F41AB00015953 /* yellowslide.png */ = {isa = PBXFileReference; lastKnownFileType = image.png; path = yellowslide.png; sourceTree = "<group>"; };
		30722996183CB6C500AF73E5 /* demo.app */ = {isa = PBXFileReference; explicitFileType = wrapper.application; includeInIndex = 0; path = demo.app; sourceTree = BUILT_PRODUCTS_DIR; };
		30722999183CB6C500AF73E5 /* Foundation.framework */ = {isa = PBXFileReference; lastKnownFileType = wrapper.framework; name = Foundation.framework; path = System/Library/Frameworks/Foundation.framework; sourceTree = SDKROOT; };
		3072299B183CB6C500AF73E5 /* CoreGraphics.framework */ = {isa = PBXFileReference; lastKnownFileType = wrapper.framework; name = CoreGraphics.framework; path = System/Library/Frameworks/CoreGraphics.framework; sourceTree = SDKROOT; };
		3072299D183CB6C500AF73E5 /* UIKit.framework */ = {isa = PBXFileReference; lastKnownFileType = wrapper.framework; name = UIKit.framework; path = System/Library/Frameworks/UIKit.framework; sourceTree = SDKROOT; };
		307229A1183CB6C500AF73E5 /* demo-Info.plist */ = {isa = PBXFileReference; lastKnownFileType = text.plist.xml; path = "demo-Info.plist"; sourceTree = "<group>"; };
		307229A3183CB6C500AF73E5 /* en */ = {isa = PBXFileReference; lastKnownFileType = text.plist.strings; name = en; path = en.lproj/InfoPlist.strings; sourceTree = "<group>"; };
		307229A5183CB6C500AF73E5 /* main.m */ = {isa = PBXFileReference; lastKnownFileType = sourcecode.c.objc; path = main.m; sourceTree = "<group>"; };
		307229A7183CB6C500AF73E5 /* demo-Prefix.pch */ = {isa = PBXFileReference; lastKnownFileType = sourcecode.c.h; path = "demo-Prefix.pch"; sourceTree = "<group>"; };
		307229A8183CB6C500AF73E5 /* DemoAppDelegate.h */ = {isa = PBXFileReference; lastKnownFileType = sourcecode.c.h; path = DemoAppDelegate.h; sourceTree = "<group>"; };
		307229A9183CB6C500AF73E5 /* DemoAppDelegate.m */ = {isa = PBXFileReference; lastKnownFileType = sourcecode.c.objc; path = DemoAppDelegate.m; sourceTree = "<group>"; };
		307229AC183CB6C500AF73E5 /* Base */ = {isa = PBXFileReference; lastKnownFileType = file.storyboard; name = Base; path = Base.lproj/Main.storyboard; sourceTree = "<group>"; };
		307229B1183CB6C500AF73E5 /* Images.xcassets */ = {isa = PBXFileReference; lastKnownFileType = folder.assetcatalog; path = Images.xcassets; sourceTree = "<group>"; };
		307229B7183CB6C500AF73E5 /* demoTests.xctest */ = {isa = PBXFileReference; explicitFileType = wrapper.cfbundle; includeInIndex = 0; path = demoTests.xctest; sourceTree = BUILT_PRODUCTS_DIR; };
		307229B8183CB6C500AF73E5 /* XCTest.framework */ = {isa = PBXFileReference; lastKnownFileType = wrapper.framework; name = XCTest.framework; path = Library/Frameworks/XCTest.framework; sourceTree = DEVELOPER_DIR; };
		307229C0183CB6C500AF73E5 /* demoTests-Info.plist */ = {isa = PBXFileReference; lastKnownFileType = text.plist.xml; path = "demoTests-Info.plist"; sourceTree = "<group>"; };
		307229C2183CB6C500AF73E5 /* en */ = {isa = PBXFileReference; lastKnownFileType = text.plist.strings; name = en; path = en.lproj/InfoPlist.strings; sourceTree = "<group>"; };
		307229C4183CB6C500AF73E5 /* demoTests.m */ = {isa = PBXFileReference; lastKnownFileType = sourcecode.c.objc; path = demoTests.m; sourceTree = "<group>"; };
/* End PBXFileReference section */

/* Begin PBXFrameworksBuildPhase section */
		30722993183CB6C500AF73E5 /* Frameworks */ = {
			isa = PBXFrameworksBuildPhase;
			buildActionMask = 2147483647;
			files = (
				3072299C183CB6C500AF73E5 /* CoreGraphics.framework in Frameworks */,
				3072299E183CB6C500AF73E5 /* UIKit.framework in Frameworks */,
				3072299A183CB6C500AF73E5 /* Foundation.framework in Frameworks */,
			);
			runOnlyForDeploymentPostprocessing = 0;
		};
		307229B4183CB6C500AF73E5 /* Frameworks */ = {
			isa = PBXFrameworksBuildPhase;
			buildActionMask = 2147483647;
			files = (
				307229B9183CB6C500AF73E5 /* XCTest.framework in Frameworks */,
				307229BB183CB6C500AF73E5 /* UIKit.framework in Frameworks */,
				307229BA183CB6C500AF73E5 /* Foundation.framework in Frameworks */,
			);
			runOnlyForDeploymentPostprocessing = 0;
		};
/* End PBXFrameworksBuildPhase section */

/* Begin PBXGroup section */
		3032556D183F41AB00015953 /* Images */ = {
			isa = PBXGroup;
			children = (
				3032556E183F41AB00015953 /* 12-6AM.png */,
				3032556F183F41AB00015953 /* 12-6PM.png */,
				30325570183F41AB00015953 /* 6-12AM.png */,
				30325571183F41AB00015953 /* 6-12PM.png */,
				30325572183F41AB00015953 /* blueButton.png */,
				30325573183F41AB00015953 /* bookmarkImage.png */,
				30325574183F41AB00015953 /* bookmarkImageHighlighted.png */,
				30325575183F41AB00015953 /* Default-568h@2x.png */,
				30325576183F41AB00015953 /* Default@2x.png */,
				30325577183F41AB00015953 /* divider.png */,
				30325578183F41AB00015953 /* iTunesArtwork */,
				30325579183F41AB00015953 /* orangeslide.png */,
				3032557A183F41AB00015953 /* scene1.jpg */,
				3032557B183F41AB00015953 /* scene2.jpg */,
				3032557C183F41AB00015953 /* scene3.jpg */,
				3032557D183F41AB00015953 /* scene4.jpg */,
				3032557E183F41AB00015953 /* scene5.jpg */,
				3032557F183F41AB00015953 /* searchBarBackground.png */,
				30325580183F41AB00015953 /* segment_check.png */,
				30325581183F41AB00015953 /* segment_search.png */,
				30325582183F41AB00015953 /* segment_tools.png */,
				30325583183F41AB00015953 /* segmentedBackground.png */,
				30325584183F41AB00015953 /* slider_ball.png */,
				30325585183F41AB00015953 /* toolbarBackground.png */,
				30325586183F41AB00015953 /* UIButton_custom.png */,
				30325587183F41AB00015953 /* whiteButton.png */,
				30325588183F41AB00015953 /* yellowslide.png */,
			);
			name = Images;
			path = demo/Images;
			sourceTree = "<group>";
		};
		3072298D183CB6C500AF73E5 = {
			isa = PBXGroup;
			children = (
				3032556D183F41AB00015953 /* Images */,
				3072299F183CB6C500AF73E5 /* demo */,
				307229BE183CB6C500AF73E5 /* demoTests */,
				30722998183CB6C500AF73E5 /* Frameworks */,
				30722997183CB6C500AF73E5 /* Products */,
			);
			sourceTree = "<group>";
		};
		30722997183CB6C500AF73E5 /* Products */ = {
			isa = PBXGroup;
			children = (
				30722996183CB6C500AF73E5 /* demo.app */,
				307229B7183CB6C500AF73E5 /* demoTests.xctest */,
			);
			name = Products;
			sourceTree = "<group>";
		};
		30722998183CB6C500AF73E5 /* Frameworks */ = {
			isa = PBXGroup;
			children = (
				30722999183CB6C500AF73E5 /* Foundation.framework */,
				3072299B183CB6C500AF73E5 /* CoreGraphics.framework */,
				3072299D183CB6C500AF73E5 /* UIKit.framework */,
				307229B8183CB6C500AF73E5 /* XCTest.framework */,
			);
			name = Frameworks;
			sourceTree = "<group>";
		};
		3072299F183CB6C500AF73E5 /* demo */ = {
			isa = PBXGroup;
			children = (
				307229A8183CB6C500AF73E5 /* DemoAppDelegate.h */,
				307229A9183CB6C500AF73E5 /* DemoAppDelegate.m */,
				307229AB183CB6C500AF73E5 /* Main.storyboard */,
				3032556A183F02D900015953 /* ButtonsViewController.h */,
				3032556B183F02D900015953 /* ButtonsViewController.m */,
				30325546183F01B500015953 /* ControlsViewController.h */,
				30325547183F01B500015953 /* ControlsViewController.m */,
				30325553183F01C600015953 /* TextFieldController.h */,
				30325554183F01C600015953 /* TextFieldController.m */,
				3032554F183F01C600015953 /* SearchBarController.h */,
				30325550183F01C600015953 /* SearchBarController.m */,
				30325555183F01C600015953 /* TextViewController.h */,
				30325556183F01C600015953 /* TextViewController.m */,
				3032554A183F01B500015953 /* PickerViewController.h */,
				3032554B183F01B500015953 /* PickerViewController.m */,
				30325548183F01B500015953 /* ImagesViewController.h */,
				30325549183F01B500015953 /* ImagesViewController.m */,
				30325551183F01C600015953 /* SegmentViewController.h */,
				30325552183F01C600015953 /* SegmentViewController.m */,
				30325557183F01C600015953 /* ToolbarViewController.h */,
				30325558183F01C600015953 /* ToolbarViewController.m */,
				30325559183F01C600015953 /* TransitionViewController.h */,
				3032555A183F01C600015953 /* TransitionViewController.m */,
				3032555B183F01C600015953 /* WebViewController.h */,
				3032555C183F01C600015953 /* WebViewController.m */,
				30325564183F021800015953 /* CustomPickerDataSource.h */,
				30325565183F021800015953 /* CustomPickerDataSource.m */,
				30325566183F021800015953 /* CustomView.h */,
				30325567183F021800015953 /* CustomView.m */,
				307229B1183CB6C500AF73E5 /* Images.xcassets */,
				307229A0183CB6C500AF73E5 /* Supporting Files */,
				3032553D183EFAC400015953 /* Constants.h */,
			);
			path = demo;
			sourceTree = "<group>";
		};
		307229A0183CB6C500AF73E5 /* Supporting Files */ = {
			isa = PBXGroup;
			children = (
				307229A1183CB6C500AF73E5 /* demo-Info.plist */,
				307229A2183CB6C500AF73E5 /* InfoPlist.strings */,
				307229A5183CB6C500AF73E5 /* main.m */,
				307229A7183CB6C500AF73E5 /* demo-Prefix.pch */,
			);
			name = "Supporting Files";
			sourceTree = "<group>";
		};
		307229BE183CB6C500AF73E5 /* demoTests */ = {
			isa = PBXGroup;
			children = (
				307229C4183CB6C500AF73E5 /* demoTests.m */,
				307229BF183CB6C500AF73E5 /* Supporting Files */,
			);
			path = demoTests;
			sourceTree = "<group>";
		};
		307229BF183CB6C500AF73E5 /* Supporting Files */ = {
			isa = PBXGroup;
			children = (
				307229C0183CB6C500AF73E5 /* demoTests-Info.plist */,
				307229C1183CB6C500AF73E5 /* InfoPlist.strings */,
			);
			name = "Supporting Files";
			sourceTree = "<group>";
		};
/* End PBXGroup section */

/* Begin PBXNativeTarget section */
		30722995183CB6C500AF73E5 /* demo */ = {
			isa = PBXNativeTarget;
			buildConfigurationList = 307229C8183CB6C500AF73E5 /* Build configuration list for PBXNativeTarget "demo" */;
			buildPhases = (
				30722992183CB6C500AF73E5 /* Sources */,
				30722993183CB6C500AF73E5 /* Frameworks */,
				30722994183CB6C500AF73E5 /* Resources */,
			);
			buildRules = (
			);
			dependencies = (
			);
			name = demo;
			productName = demo;
			productReference = 30722996183CB6C500AF73E5 /* demo.app */;
			productType = "com.apple.product-type.application";
		};
		307229B6183CB6C500AF73E5 /* demoTests */ = {
			isa = PBXNativeTarget;
			buildConfigurationList = 307229CB183CB6C500AF73E5 /* Build configuration list for PBXNativeTarget "demoTests" */;
			buildPhases = (
				307229B3183CB6C500AF73E5 /* Sources */,
				307229B4183CB6C500AF73E5 /* Frameworks */,
				307229B5183CB6C500AF73E5 /* Resources */,
			);
			buildRules = (
			);
			dependencies = (
				307229BD183CB6C500AF73E5 /* PBXTargetDependency */,
			);
			name = demoTests;
			productName = demoTests;
			productReference = 307229B7183CB6C500AF73E5 /* demoTests.xctest */;
			productType = "com.apple.product-type.bundle.unit-test";
		};
/* End PBXNativeTarget section */

/* Begin PBXProject section */
		3072298E183CB6C500AF73E5 /* Project object */ = {
			isa = PBXProject;
			attributes = {
				CLASSPREFIX = Demo;
				LastUpgradeCheck = 0500;
				ORGANIZATIONNAME = "库颖";
				TargetAttributes = {
					30722995183CB6C500AF73E5 = {
						DevelopmentTeam = TM866FS4HV;
					};
					307229B6183CB6C500AF73E5 = {
						TestTargetID = 30722995183CB6C500AF73E5;
					};
				};
			};
			buildConfigurationList = 30722991183CB6C500AF73E5 /* Build configuration list for PBXProject "demo" */;
			compatibilityVersion = "Xcode 3.2";
			developmentRegion = English;
			hasScannedForEncodings = 0;
			knownRegions = (
				en,
				Base,
			);
			mainGroup = 3072298D183CB6C500AF73E5;
			productRefGroup = 30722997183CB6C500AF73E5 /* Products */;
			projectDirPath = "";
			projectRoot = "";
			targets = (
				30722995183CB6C500AF73E5 /* demo */,
				307229B6183CB6C500AF73E5 /* demoTests */,
			);
		};
/* End PBXProject section */

/* Begin PBXResourcesBuildPhase section */
		30722994183CB6C500AF73E5 /* Resources */ = {
			isa = PBXResourcesBuildPhase;
			buildActionMask = 2147483647;
			files = (
				30325591183F41AB00015953 /* Default@2x.png in Resources */,
				3032558A183F41AB00015953 /* 12-6PM.png in Resources */,
				30325590183F41AB00015953 /* Default-568h@2x.png in Resources */,
				3032558F183F41AB00015953 /* bookmarkImageHighlighted.png in Resources */,
				3032558B183F41AB00015953 /* 6-12AM.png in Resources */,
				30325596183F41AB00015953 /* scene2.jpg in Resources */,
				303255A1183F41AB00015953 /* UIButton_custom.png in Resources */,
				3032559B183F41AB00015953 /* segment_check.png in Resources */,
				303255A2183F41AB00015953 /* whiteButton.png in Resources */,
				30325597183F41AB00015953 /* scene3.jpg in Resources */,
				30325594183F41AB00015953 /* orangeslide.png in Resources */,
				3032558C183F41AB00015953 /* 6-12PM.png in Resources */,
				3032558E183F41AB00015953 /* bookmarkImage.png in Resources */,
				30325595183F41AB00015953 /* scene1.jpg in Resources */,
				307229B2183CB6C500AF73E5 /* Images.xcassets in Resources */,
				3032559C183F41AB00015953 /* segment_search.png in Resources */,
				30325599183F41AB00015953 /* scene5.jpg in Resources */,
				30325598183F41AB00015953 /* scene4.jpg in Resources */,
				30325589183F41AB00015953 /* 12-6AM.png in Resources */,
				30325593183F41AB00015953 /* iTunesArtwork in Resources */,
				30325592183F41AB00015953 /* divider.png in Resources */,
				303255A3183F41AB00015953 /* yellowslide.png in Resources */,
				3032559F183F41AB00015953 /* slider_ball.png in Resources */,
				3032558D183F41AB00015953 /* blueButton.png in Resources */,
				303255A0183F41AB00015953 /* toolbarBackground.png in Resources */,
				3032559A183F41AB00015953 /* searchBarBackground.png in Resources */,
				307229A4183CB6C500AF73E5 /* InfoPlist.strings in Resources */,
				307229AD183CB6C500AF73E5 /* Main.storyboard in Resources */,
				3032559D183F41AB00015953 /* segment_tools.png in Resources */,
				3032559E183F41AB00015953 /* segmentedBackground.png in Resources */,
			);
			runOnlyForDeploymentPostprocessing = 0;
		};
		307229B5183CB6C500AF73E5 /* Resources */ = {
			isa = PBXResourcesBuildPhase;
			buildActionMask = 2147483647;
			files = (
				307229C3183CB6C500AF73E5 /* InfoPlist.strings in Resources */,
			);
			runOnlyForDeploymentPostprocessing = 0;
		};
/* End PBXResourcesBuildPhase section */

/* Begin PBXSourcesBuildPhase section */
		30722992183CB6C500AF73E5 /* Sources */ = {
			isa = PBXSourcesBuildPhase;
			buildActionMask = 2147483647;
			files = (
				3032556C183F02D900015953 /* ButtonsViewController.m in Sources */,
				3032555E183F01C600015953 /* SegmentViewController.m in Sources */,
				30325563183F01C600015953 /* WebViewController.m in Sources */,
				3032555F183F01C600015953 /* TextFieldController.m in Sources */,
				30325568183F021800015953 /* CustomPickerDataSource.m in Sources */,
				307229A6183CB6C500AF73E5 /* main.m in Sources */,
				3032554C183F01B500015953 /* ControlsViewController.m in Sources */,
				3032554D183F01B500015953 /* ImagesViewController.m in Sources */,
				3032554E183F01B500015953 /* PickerViewController.m in Sources */,
				30325562183F01C600015953 /* TransitionViewController.m in Sources */,
				30325561183F01C600015953 /* ToolbarViewController.m in Sources */,
				30325560183F01C600015953 /* TextViewController.m in Sources */,
				30325569183F021800015953 /* CustomView.m in Sources */,
				307229AA183CB6C500AF73E5 /* DemoAppDelegate.m in Sources */,
				3032555D183F01C600015953 /* SearchBarController.m in Sources */,
			);
			runOnlyForDeploymentPostprocessing = 0;
		};
		307229B3183CB6C500AF73E5 /* Sources */ = {
			isa = PBXSourcesBuildPhase;
			buildActionMask = 2147483647;
			files = (
				307229C5183CB6C500AF73E5 /* demoTests.m in Sources */,
			);
			runOnlyForDeploymentPostprocessing = 0;
		};
/* End PBXSourcesBuildPhase section */

/* Begin PBXTargetDependency section */
		307229BD183CB6C500AF73E5 /* PBXTargetDependency */ = {
			isa = PBXTargetDependency;
			target = 30722995183CB6C500AF73E5 /* demo */;
			targetProxy = 307229BC183CB6C500AF73E5 /* PBXContainerItemProxy */;
		};
/* End PBXTargetDependency section */

/* Begin PBXVariantGroup section */
		307229A2183CB6C500AF73E5 /* InfoPlist.strings */ = {
			isa = PBXVariantGroup;
			children = (
				307229A3183CB6C500AF73E5 /* en */,
			);
			name = InfoPlist.strings;
			sourceTree = "<group>";
		};
		307229AB183CB6C500AF73E5 /* Main.storyboard */ = {
			isa = PBXVariantGroup;
			children = (
				307229AC183CB6C500AF73E5 /* Base */,
			);
			name = Main.storyboard;
			sourceTree = "<group>";
		};
		307229C1183CB6C500AF73E5 /* InfoPlist.strings */ = {
			isa = PBXVariantGroup;
			children = (
				307229C2183CB6C500AF73E5 /* en */,
			);
			name = InfoPlist.strings;
			sourceTree = "<group>";
		};
/* End PBXVariantGroup section */

/* Begin XCBuildConfiguration section */
		307229C6183CB6C500AF73E5 /* Debug */ = {
			isa = XCBuildConfiguration;
			buildSettings = {
				ALWAYS_SEARCH_USER_PATHS = NO;
				ARCHS = "$(ARCHS_STANDARD_INCLUDING_64_BIT)";
				CLANG_CXX_LANGUAGE_STANDARD = "gnu++0x";
				CLANG_CXX_LIBRARY = "libc++";
				CLANG_ENABLE_MODULES = YES;
				CLANG_ENABLE_OBJC_ARC = YES;
				CLANG_WARN_BOOL_CONVERSION = YES;
				CLANG_WARN_CONSTANT_CONVERSION = YES;
				CLANG_WARN_DIRECT_OBJC_ISA_USAGE = YES_ERROR;
				CLANG_WARN_EMPTY_BODY = YES;
				CLANG_WARN_ENUM_CONVERSION = YES;
				CLANG_WARN_INT_CONVERSION = YES;
				CLANG_WARN_OBJC_ROOT_CLASS = YES_ERROR;
				CLANG_WARN__DUPLICATE_METHOD_MATCH = YES;
				"CODE_SIGN_IDENTITY[sdk=iphoneos*]" = "iPhone Developer";
				COPY_PHASE_STRIP = NO;
				GCC_C_LANGUAGE_STANDARD = gnu99;
				GCC_DYNAMIC_NO_PIC = NO;
				GCC_OPTIMIZATION_LEVEL = 0;
				GCC_PREPROCESSOR_DEFINITIONS = (
					"DEBUG=1",
					"$(inherited)",
				);
				GCC_SYMBOLS_PRIVATE_EXTERN = NO;
				GCC_WARN_64_TO_32_BIT_CONVERSION = YES;
				GCC_WARN_ABOUT_RETURN_TYPE = YES_ERROR;
				GCC_WARN_UNDECLARED_SELECTOR = YES;
				GCC_WARN_UNINITIALIZED_AUTOS = YES;
				GCC_WARN_UNUSED_FUNCTION = YES;
				GCC_WARN_UNUSED_VARIABLE = YES;
				IPHONEOS_DEPLOYMENT_TARGET = 7.0;
				ONLY_ACTIVE_ARCH = YES;
				SDKROOT = iphoneos;
			};
			name = Debug;
		};
		307229C7183CB6C500AF73E5 /* Release */ = {
			isa = XCBuildConfiguration;
			buildSettings = {
				ALWAYS_SEARCH_USER_PATHS = NO;
				ARCHS = "$(ARCHS_STANDARD_INCLUDING_64_BIT)";
				CLANG_CXX_LANGUAGE_STANDARD = "gnu++0x";
				CLANG_CXX_LIBRARY = "libc++";
				CLANG_ENABLE_MODULES = YES;
				CLANG_ENABLE_OBJC_ARC = YES;
				CLANG_WARN_BOOL_CONVERSION = YES;
				CLANG_WARN_CONSTANT_CONVERSION = YES;
				CLANG_WARN_DIRECT_OBJC_ISA_USAGE = YES_ERROR;
				CLANG_WARN_EMPTY_BODY = YES;
				CLANG_WARN_ENUM_CONVERSION = YES;
				CLANG_WARN_INT_CONVERSION = YES;
				CLANG_WARN_OBJC_ROOT_CLASS = YES_ERROR;
				CLANG_WARN__DUPLICATE_METHOD_MATCH = YES;
				"CODE_SIGN_IDENTITY[sdk=iphoneos*]" = "iPhone Developer";
				COPY_PHASE_STRIP = YES;
				ENABLE_NS_ASSERTIONS = NO;
				GCC_C_LANGUAGE_STANDARD = gnu99;
				GCC_WARN_64_TO_32_BIT_CONVERSION = YES;
				GCC_WARN_ABOUT_RETURN_TYPE = YES_ERROR;
				GCC_WARN_UNDECLARED_SELECTOR = YES;
				GCC_WARN_UNINITIALIZED_AUTOS = YES;
				GCC_WARN_UNUSED_FUNCTION = YES;
				GCC_WARN_UNUSED_VARIABLE = YES;
				IPHONEOS_DEPLOYMENT_TARGET = 7.0;
				SDKROOT = iphoneos;
				VALIDATE_PRODUCT = YES;
			};
			name = Release;
		};
		307229C9183CB6C500AF73E5 /* Debug */ = {
			isa = XCBuildConfiguration;
			buildSettings = {
				ASSETCATALOG_COMPILER_APPICON_NAME = AppIcon;
				ASSETCATALOG_COMPILER_LAUNCHIMAGE_NAME = LaunchImage;
				CODE_SIGN_IDENTITY = "iPhone Developer";
				"CODE_SIGN_IDENTITY[sdk=iphoneos*]" = "iPhone Developer";
				GCC_PRECOMPILE_PREFIX_HEADER = YES;
				GCC_PREFIX_HEADER = "demo/demo-Prefix.pch";
				INFOPLIST_FILE = "demo/demo-Info.plist";
				PRODUCT_NAME = "$(TARGET_NAME)";
				PROVISIONING_PROFILE = "9ADDC09C-7E58-4B72-A532-CE3E7AD409E8";
				WRAPPER_EXTENSION = app;
			};
			name = Debug;
		};
		307229CA183CB6C500AF73E5 /* Release */ = {
			isa = XCBuildConfiguration;
			buildSettings = {
				ASSETCATALOG_COMPILER_APPICON_NAME = AppIcon;
				ASSETCATALOG_COMPILER_LAUNCHIMAGE_NAME = LaunchImage;
				CODE_SIGN_IDENTITY = "iPhone Developer";
				"CODE_SIGN_IDENTITY[sdk=iphoneos*]" = "iPhone Developer";
				GCC_PRECOMPILE_PREFIX_HEADER = YES;
				GCC_PREFIX_HEADER = "demo/demo-Prefix.pch";
				INFOPLIST_FILE = "demo/demo-Info.plist";
				PRODUCT_NAME = "$(TARGET_NAME)";
				PROVISIONING_PROFILE = "9ADDC09C-7E58-4B72-A532-CE3E7AD409E8";
				WRAPPER_EXTENSION = app;
			};
			name = Release;
		};
		307229CC183CB6C500AF73E5 /* Debug */ = {
			isa = XCBuildConfiguration;
			buildSettings = {
				ARCHS = "$(ARCHS_STANDARD_INCLUDING_64_BIT)";
				BUNDLE_LOADER = "$(BUILT_PRODUCTS_DIR)/demo.app/demo";
				FRAMEWORK_SEARCH_PATHS = (
					"$(SDKROOT)/Developer/Library/Frameworks",
					"$(inherited)",
					"$(DEVELOPER_FRAMEWORKS_DIR)",
				);
				GCC_PRECOMPILE_PREFIX_HEADER = YES;
				GCC_PREFIX_HEADER = "demo/demo-Prefix.pch";
				GCC_PREPROCESSOR_DEFINITIONS = (
					"DEBUG=1",
					"$(inherited)",
				);
				INFOPLIST_FILE = "demoTests/demoTests-Info.plist";
				PRODUCT_NAME = "$(TARGET_NAME)";
				TEST_HOST = "$(BUNDLE_LOADER)";
				WRAPPER_EXTENSION = xctest;
			};
			name = Debug;
		};
		307229CD183CB6C500AF73E5 /* Release */ = {
			isa = XCBuildConfiguration;
			buildSettings = {
				ARCHS = "$(ARCHS_STANDARD_INCLUDING_64_BIT)";
				BUNDLE_LOADER = "$(BUILT_PRODUCTS_DIR)/demo.app/demo";
				FRAMEWORK_SEARCH_PATHS = (
					"$(SDKROOT)/Developer/Library/Frameworks",
					"$(inherited)",
					"$(DEVELOPER_FRAMEWORKS_DIR)",
				);
				GCC_PRECOMPILE_PREFIX_HEADER = YES;
				GCC_PREFIX_HEADER = "demo/demo-Prefix.pch";
				INFOPLIST_FILE = "demoTests/demoTests-Info.plist";
				PRODUCT_NAME = "$(TARGET_NAME)";
				TEST_HOST = "$(BUNDLE_LOADER)";
				WRAPPER_EXTENSION = xctest;
			};
			name = Release;
		};
/* End XCBuildConfiguration section */

/* Begin XCConfigurationList section */
		30722991183CB6C500AF73E5 /* Build configuration list for PBXProject "demo" */ = {
			isa = XCConfigurationList;
			buildConfigurations = (
				307229C6183CB6C500AF73E5 /* Debug */,
				307229C7183CB6C500AF73E5 /* Release */,
			);
			defaultConfigurationIsVisible = 0;
			defaultConfigurationName = Release;
		};
		307229C8183CB6C500AF73E5 /* Build configuration list for PBXNativeTarget "demo" */ = {
			isa = XCConfigurationList;
			buildConfigurations = (
				307229C9183CB6C500AF73E5 /* Debug */,
				307229CA183CB6C500AF73E5 /* Release */,
			);
			defaultConfigurationIsVisible = 0;
			defaultConfigurationName = Release;
		};
		307229CB183CB6C500AF73E5 /* Build configuration list for PBXNativeTarget "demoTests" */ = {
			isa = XCConfigurationList;
			buildConfigurations = (
				307229CC183CB6C500AF73E5 /* Debug */,
				307229CD183CB6C500AF73E5 /* Release */,
			);
			defaultConfigurationIsVisible = 0;
			defaultConfigurationName = Release;
		};
/* End XCConfigurationList section */
	};
	rootObject = 3072298E183CB6C500AF73E5 /* Project object */;
}
